<?xml version="1.0" encoding="utf-8"?>
<Project ToolsVersion="4.0" xmlns="http://schemas.microsoft.com/developer/msbuild/2003">
  <ItemGroup>
    <Filter Include="Source Files">
      <UniqueIdentifier>{4FC737F1-C7A5-4376-A066-2A32D752A2FF}</UniqueIdentifier>
      <Extensions>cpp;c;cc;cxx;def;odl;idl;hpj;bat;asm;asmx</Extensions>
    </Filter>
    <Filter Include="Header Files">
      <UniqueIdentifier>{93995380-89BD-4b04-88EB-625FBE52EBFB}</UniqueIdentifier>
      <Extensions>h;hh;hpp;hxx;hm;inl;inc;xsd</Extensions>
    </Filter>
    <Filter Include="Resource Files">
      <UniqueIdentifier>{67DA6AB6-F800-4c08-8B7A-83BB121AAD01}</UniqueIdentifier>
      <Extensions>rc;ico;cur;bmp;dlg;rc2;rct;bin;rgs;gif;jpg;jpeg;jpe;resx;tiff;tif;png;wav;mfcribbon-ms</Extensions>
    </Filter>
  </ItemGroup>
  <ItemGroup>
    <Text Include="ReadMe.txt" />
  </ItemGroup>
  <ItemGroup>
    <ClCompile Include="..\..\FEBioFluid\FEBioFluid.cpp">
      <Filter>Source Files</Filter>
    </ClCompile>
    <ClCompile Include="..\..\FEBioFluid\FEBioFluidData.cpp">
      <Filter>Source Files</Filter>
    </ClCompile>
    <ClCompile Include="..\..\FEBioFluid\FEBioFluidPlot.cpp">
      <Filter>Source Files</Filter>
    </ClCompile>
    <ClCompile Include="..\..\FEBioFluid\FEElasticFluid.cpp">
      <Filter>Source Files</Filter>
    </ClCompile>
    <ClCompile Include="..\..\FEBioFluid\FEFluid.cpp">
      <Filter>Source Files</Filter>
    </ClCompile>
    <ClCompile Include="..\..\FEBioFluid\FEFluidDomainFactory.cpp">
      <Filter>Source Files</Filter>
    </ClCompile>
    <ClCompile Include="..\..\FEBioFluid\FEFluidResidualVector.cpp">
      <Filter>Source Files</Filter>
    </ClCompile>
    <ClCompile Include="..\..\FEBioFluid\FEFluidSolver.cpp">
      <Filter>Source Files</Filter>
    </ClCompile>
    <ClCompile Include="..\..\FEBioFluid\FEFluidTractionLoad.cpp">
      <Filter>Source Files</Filter>
    </ClCompile>
    <ClCompile Include="..\..\FEBioFluid\FEIdealFluid.cpp">
      <Filter>Source Files</Filter>
    </ClCompile>
    <ClCompile Include="..\..\FEBioFluid\FEIdealGas.cpp">
      <Filter>Source Files</Filter>
    </ClCompile>
    <ClCompile Include="..\..\FEBioFluid\FENeoHookeanFluid.cpp">
      <Filter>Source Files</Filter>
    </ClCompile>
    <ClCompile Include="..\..\FEBioFluid\FENewtonianFluid.cpp">
      <Filter>Source Files</Filter>
    </ClCompile>
    <ClCompile Include="..\..\FEBioFluid\FEViscousFluid.cpp">
      <Filter>Source Files</Filter>
    </ClCompile>
    <ClCompile Include="..\..\FEBioFluid\FECarreauFluid.cpp">
      <Filter>Source Files</Filter>
    </ClCompile>
    <ClCompile Include="..\..\FEBioFluid\FEFluidDomain.cpp">
      <Filter>Source Files</Filter>
    </ClCompile>
    <ClCompile Include="..\..\FEBioFluid\FEFluidDomain2D.cpp">
      <Filter>Source Files</Filter>
    </ClCompile>
    <ClCompile Include="..\..\FEBioFluid\FEFluidDomain3D.cpp">
      <Filter>Source Files</Filter>
    </ClCompile>
    <ClCompile Include="..\..\FEBioFluid\FEFluidNormalTraction.cpp">
      <Filter>Source Files</Filter>
    </ClCompile>
    <ClCompile Include="..\..\FEBioFluid\FEConstraintFrictionlessWall.cpp">
      <Filter>Source Files</Filter>
    </ClCompile>
    <ClCompile Include="..\..\FEBioFluid\FEConstraintNormalFlow.cpp">
      <Filter>Source Files</Filter>
    </ClCompile>
    <ClCompile Include="..\..\FEBioFluid\FEFluidResistanceBC.cpp">
      <Filter>Source Files</Filter>
    </ClCompile>
  </ItemGroup>
  <ItemGroup>
    <ClInclude Include="..\..\FEBioFluid\FEBioFluid.h">
      <Filter>Header Files</Filter>
    </ClInclude>
    <ClInclude Include="..\..\FEBioFluid\FEBioFluidData.h">
      <Filter>Header Files</Filter>
    </ClInclude>
    <ClInclude Include="..\..\FEBioFluid\FEBioFluidPlot.h">
      <Filter>Header Files</Filter>
    </ClInclude>
    <ClInclude Include="..\..\FEBioFluid\FEElasticFluid.h">
      <Filter>Header Files</Filter>
    </ClInclude>
    <ClInclude Include="..\..\FEBioFluid\FEFluid.h">
      <Filter>Header Files</Filter>
    </ClInclude>
    <ClInclude Include="..\..\FEBioFluid\FEFluidDomainFactory.h">
      <Filter>Header Files</Filter>
    </ClInclude>
    <ClInclude Include="..\..\FEBioFluid\FEFluidResidualVector.h">
      <Filter>Header Files</Filter>
    </ClInclude>
    <ClInclude Include="..\..\FEBioFluid\FEFluidSolver.h">
      <Filter>Header Files</Filter>
    </ClInclude>
    <ClInclude Include="..\..\FEBioFluid\FEFluidTractionLoad.h">
      <Filter>Header Files</Filter>
    </ClInclude>
    <ClInclude Include="..\..\FEBioFluid\FEIdealFluid.h">
      <Filter>Header Files</Filter>
    </ClInclude>
    <ClInclude Include="..\..\FEBioFluid\FEIdealGas.h">
      <Filter>Header Files</Filter>
    </ClInclude>
    <ClInclude Include="..\..\FEBioFluid\FENeoHookeanFluid.h">
      <Filter>Header Files</Filter>
    </ClInclude>
    <ClInclude Include="..\..\FEBioFluid\FENewtonianFluid.h">
      <Filter>Header Files</Filter>
    </ClInclude>
    <ClInclude Include="..\..\FEBioFluid\FEViscousFluid.h">
      <Filter>Header Files</Filter>
    </ClInclude>
    <ClInclude Include="..\..\FEBioFluid\stdafx.h">
      <Filter>Header Files</Filter>
    </ClInclude>
    <ClInclude Include="..\..\FEBioFluid\FECarreauFluid.h">
      <Filter>Header Files</Filter>
    </ClInclude>
    <ClInclude Include="..\..\FEBioFluid\FEFluidDomain.h">
      <Filter>Header Files</Filter>
    </ClInclude>
    <ClInclude Include="..\..\FEBioFluid\FEFluidDomain2D.h">
      <Filter>Header Files</Filter>
    </ClInclude>
    <ClInclude Include="..\..\FEBioFluid\FEFluidDomain3D.h">
      <Filter>Header Files</Filter>
    </ClInclude>
    <ClInclude Include="..\..\FEBioFluid\FEFluidNormalTraction.h">
      <Filter>Header Files</Filter>
    </ClInclude>
    <ClInclude Include="..\..\FEBioFluid\FEConstraintFrictionlessWall.h">
      <Filter>Header Files</Filter>
    </ClInclude>
    <ClInclude Include="..\..\FEBioFluid\FEConstraintNormalFlow.h">
      <Filter>Header Files</Filter>
    </ClInclude>
    <ClInclude Include="..\..\FEBioFluid\FEFluidResistanceBC.h">
      <Filter>Header Files</Filter>
    </ClInclude>
  </ItemGroup>
</Project>