
Microsoft Visual Studio Solution File, Format Version 11.00
# Visual Studio 2010
Project("{8BC9CEB8-8B4A-11D0-8D11-00A0C91BC942}") = "FEBio2", "FEBio2\FEBio2.vcxproj", "{448F4A28-A0DA-42F8-8D30-ED583D612E49}"
	ProjectSection(ProjectDependencies) = postProject
		{C853E891-6650-4718-8584-79768B9E42B6} = {C853E891-6650-4718-8584-79768B9E42B6}
		{36BC93C1-67B2-4CDC-A6B2-EED6EC3F4850} = {36BC93C1-67B2-4CDC-A6B2-EED6EC3F4850}
		{C43CD5CF-8AA6-4F49-AB17-C22DE2EEEC5A} = {C43CD5CF-8AA6-4F49-AB17-C22DE2EEEC5A}
		{94D5ECDE-4031-4231-9C28-2365B079EC3E} = {94D5ECDE-4031-4231-9C28-2365B079EC3E}
		{4102D3E1-8084-4EFC-A1AE-05ABCD44D4BD} = {4102D3E1-8084-4EFC-A1AE-05ABCD44D4BD}
	EndProjectSection
EndProject
Project("{8BC9CEB8-8B4A-11D0-8D11-00A0C91BC942}") = "FECore", "FECore\FECore.vcxproj", "{C43CD5CF-8AA6-4F49-AB17-C22DE2EEEC5A}"
	ProjectSection(ProjectDependencies) = postProject
		{C853E891-6650-4718-8584-79768B9E42B6} = {C853E891-6650-4718-8584-79768B9E42B6}
	EndProjectSection
EndProject
Project("{8BC9CEB8-8B4A-11D0-8D11-00A0C91BC942}") = "FEBioLib", "FEBioLib\FEBioLib.vcxproj", "{36BC93C1-67B2-4CDC-A6B2-EED6EC3F4850}"
	ProjectSection(ProjectDependencies) = postProject
		{C853E891-6650-4718-8584-79768B9E42B6} = {C853E891-6650-4718-8584-79768B9E42B6}
		{C43CD5CF-8AA6-4F49-AB17-C22DE2EEEC5A} = {C43CD5CF-8AA6-4F49-AB17-C22DE2EEEC5A}
	EndProjectSection
EndProject
Project("{54435603-DBB4-11D2-8724-00A0C9A8B90C}") = "FEBio2Setup", "FEBio2Setup\FEBio2Setup.vdproj", "{4F9551F4-03E6-41C0-9504-F93F29AAFAA7}"
	ProjectSection(ProjectDependencies) = postProject
		{6006C5A5-86B5-445B-8DE2-3A760C3B3E7C} = {6006C5A5-86B5-445B-8DE2-3A760C3B3E7C}
	EndProjectSection
EndProject
Project("{8BC9CEB8-8B4A-11D0-8D11-00A0C91BC942}") = "NumCore", "NumCore\NumCore.vcxproj", "{C853E891-6650-4718-8584-79768B9E42B6}"
EndProject
Project("{8BC9CEB8-8B4A-11D0-8D11-00A0C91BC942}") = "FEBioPlot", "FEBioPlot\FEBioPlot.vcxproj", "{4102D3E1-8084-4EFC-A1AE-05ABCD44D4BD}"
	ProjectSection(ProjectDependencies) = postProject
		{C853E891-6650-4718-8584-79768B9E42B6} = {C853E891-6650-4718-8584-79768B9E42B6}
		{36BC93C1-67B2-4CDC-A6B2-EED6EC3F4850} = {36BC93C1-67B2-4CDC-A6B2-EED6EC3F4850}
		{C43CD5CF-8AA6-4F49-AB17-C22DE2EEEC5A} = {C43CD5CF-8AA6-4F49-AB17-C22DE2EEEC5A}
	EndProjectSection
EndProject
Project("{8BC9CEB8-8B4A-11D0-8D11-00A0C91BC942}") = "FEBioTM", "FEBioTM\FEBioTM.vcxproj", "{6006C5A5-86B5-445B-8DE2-3A760C3B3E7C}"
	ProjectSection(ProjectDependencies) = postProject
		{C853E891-6650-4718-8584-79768B9E42B6} = {C853E891-6650-4718-8584-79768B9E42B6}
		{36BC93C1-67B2-4CDC-A6B2-EED6EC3F4850} = {36BC93C1-67B2-4CDC-A6B2-EED6EC3F4850}
		{C43CD5CF-8AA6-4F49-AB17-C22DE2EEEC5A} = {C43CD5CF-8AA6-4F49-AB17-C22DE2EEEC5A}
		{94D5ECDE-4031-4231-9C28-2365B079EC3E} = {94D5ECDE-4031-4231-9C28-2365B079EC3E}
		{4102D3E1-8084-4EFC-A1AE-05ABCD44D4BD} = {4102D3E1-8084-4EFC-A1AE-05ABCD44D4BD}
	EndProjectSection
EndProject
Project("{8BC9CEB8-8B4A-11D0-8D11-00A0C91BC942}") = "FEBioXML", "FEBioXML\FEBioXML.vcxproj", "{94D5ECDE-4031-4231-9C28-2365B079EC3E}"
	ProjectSection(ProjectDependencies) = postProject
		{C853E891-6650-4718-8584-79768B9E42B6} = {C853E891-6650-4718-8584-79768B9E42B6}
		{36BC93C1-67B2-4CDC-A6B2-EED6EC3F4850} = {36BC93C1-67B2-4CDC-A6B2-EED6EC3F4850}
		{C43CD5CF-8AA6-4F49-AB17-C22DE2EEEC5A} = {C43CD5CF-8AA6-4F49-AB17-C22DE2EEEC5A}
		{4102D3E1-8084-4EFC-A1AE-05ABCD44D4BD} = {4102D3E1-8084-4EFC-A1AE-05ABCD44D4BD}
	EndProjectSection
EndProject
Project("{8BC9CEB8-8B4A-11D0-8D11-00A0C91BC942}") = "FEBioOpt", "FEBioOpt\FEBioOpt.vcxproj", "{B149AB0E-816A-47D1-8271-79046DE7BE85}"
	ProjectSection(ProjectDependencies) = postProject
		{C853E891-6650-4718-8584-79768B9E42B6} = {C853E891-6650-4718-8584-79768B9E42B6}
		{C43CD5CF-8AA6-4F49-AB17-C22DE2EEEC5A} = {C43CD5CF-8AA6-4F49-AB17-C22DE2EEEC5A}
	EndProjectSection
EndProject
Global
	GlobalSection(SolutionConfigurationPlatforms) = preSolution
		Debug - Skyline Only|Itanium = Debug - Skyline Only|Itanium
		Debug - Skyline Only|Win32 = Debug - Skyline Only|Win32
		Debug - Skyline Only|x64 = Debug - Skyline Only|x64
		Debug|Itanium = Debug|Itanium
		Debug|Win32 = Debug|Win32
		Debug|x64 = Debug|x64
		Release - x64|Itanium = Release - x64|Itanium
		Release - x64|Win32 = Release - x64|Win32
		Release - x64|x64 = Release - x64|x64
		Release|Itanium = Release|Itanium
		Release|Win32 = Release|Win32
		Release|x64 = Release|x64
	EndGlobalSection
	GlobalSection(ProjectConfigurationPlatforms) = postSolution
		{448F4A28-A0DA-42F8-8D30-ED583D612E49}.Debug - Skyline Only|Itanium.ActiveCfg = Debug - Skyline Only|Win32
		{448F4A28-A0DA-42F8-8D30-ED583D612E49}.Debug - Skyline Only|Itanium.Build.0 = Debug - Skyline Only|Win32
		{448F4A28-A0DA-42F8-8D30-ED583D612E49}.Debug - Skyline Only|Win32.ActiveCfg = Debug - Skyline Only|Win32
		{448F4A28-A0DA-42F8-8D30-ED583D612E49}.Debug - Skyline Only|Win32.Build.0 = Debug - Skyline Only|Win32
		{448F4A28-A0DA-42F8-8D30-ED583D612E49}.Debug - Skyline Only|x64.ActiveCfg = Debug - Skyline Only|x64
		{448F4A28-A0DA-42F8-8D30-ED583D612E49}.Debug - Skyline Only|x64.Build.0 = Debug - Skyline Only|x64
		{448F4A28-A0DA-42F8-8D30-ED583D612E49}.Debug|Itanium.ActiveCfg = Debug|Win32
		{448F4A28-A0DA-42F8-8D30-ED583D612E49}.Debug|Itanium.Build.0 = Debug|Win32
		{448F4A28-A0DA-42F8-8D30-ED583D612E49}.Debug|Win32.ActiveCfg = Debug|Win32
		{448F4A28-A0DA-42F8-8D30-ED583D612E49}.Debug|Win32.Build.0 = Debug|Win32
		{448F4A28-A0DA-42F8-8D30-ED583D612E49}.Debug|x64.ActiveCfg = Debug|x64
		{448F4A28-A0DA-42F8-8D30-ED583D612E49}.Debug|x64.Build.0 = Debug|x64
		{448F4A28-A0DA-42F8-8D30-ED583D612E49}.Release - x64|Itanium.ActiveCfg = Release - x64|Win32
		{448F4A28-A0DA-42F8-8D30-ED583D612E49}.Release - x64|Itanium.Build.0 = Release - x64|Win32
		{448F4A28-A0DA-42F8-8D30-ED583D612E49}.Release - x64|Win32.ActiveCfg = Release - x64|Win32
		{448F4A28-A0DA-42F8-8D30-ED583D612E49}.Release - x64|Win32.Build.0 = Release - x64|Win32
		{448F4A28-A0DA-42F8-8D30-ED583D612E49}.Release - x64|x64.ActiveCfg = Release - x64|x64
		{448F4A28-A0DA-42F8-8D30-ED583D612E49}.Release - x64|x64.Build.0 = Release - x64|x64
		{448F4A28-A0DA-42F8-8D30-ED583D612E49}.Release|Itanium.ActiveCfg = Release|Win32
		{448F4A28-A0DA-42F8-8D30-ED583D612E49}.Release|Itanium.Build.0 = Release|Win32
		{448F4A28-A0DA-42F8-8D30-ED583D612E49}.Release|Win32.ActiveCfg = Release|Win32
		{448F4A28-A0DA-42F8-8D30-ED583D612E49}.Release|Win32.Build.0 = Release|Win32
		{448F4A28-A0DA-42F8-8D30-ED583D612E49}.Release|x64.ActiveCfg = Release|Win32
		{448F4A28-A0DA-42F8-8D30-ED583D612E49}.Release|x64.Build.0 = Release|Win32
		{C43CD5CF-8AA6-4F49-AB17-C22DE2EEEC5A}.Debug - Skyline Only|Itanium.ActiveCfg = Debug - Skyline Only|Win32
		{C43CD5CF-8AA6-4F49-AB17-C22DE2EEEC5A}.Debug - Skyline Only|Itanium.Build.0 = Debug - Skyline Only|Win32
		{C43CD5CF-8AA6-4F49-AB17-C22DE2EEEC5A}.Debug - Skyline Only|Win32.ActiveCfg = Debug - Skyline Only|Win32
		{C43CD5CF-8AA6-4F49-AB17-C22DE2EEEC5A}.Debug - Skyline Only|Win32.Build.0 = Debug - Skyline Only|Win32
		{C43CD5CF-8AA6-4F49-AB17-C22DE2EEEC5A}.Debug - Skyline Only|x64.ActiveCfg = Debug - Skyline Only|Win32
		{C43CD5CF-8AA6-4F49-AB17-C22DE2EEEC5A}.Debug|Itanium.ActiveCfg = Debug|Win32
		{C43CD5CF-8AA6-4F49-AB17-C22DE2EEEC5A}.Debug|Itanium.Build.0 = Debug|Win32
		{C43CD5CF-8AA6-4F49-AB17-C22DE2EEEC5A}.Debug|Win32.ActiveCfg = Debug|Win32
		{C43CD5CF-8AA6-4F49-AB17-C22DE2EEEC5A}.Debug|Win32.Build.0 = Debug|Win32
		{C43CD5CF-8AA6-4F49-AB17-C22DE2EEEC5A}.Debug|x64.ActiveCfg = Debug|Win32
		{C43CD5CF-8AA6-4F49-AB17-C22DE2EEEC5A}.Release - x64|Itanium.ActiveCfg = Release - x64|Win32
		{C43CD5CF-8AA6-4F49-AB17-C22DE2EEEC5A}.Release - x64|Itanium.Build.0 = Release - x64|Win32
		{C43CD5CF-8AA6-4F49-AB17-C22DE2EEEC5A}.Release - x64|Win32.ActiveCfg = Release - x64|Win32
		{C43CD5CF-8AA6-4F49-AB17-C22DE2EEEC5A}.Release - x64|Win32.Build.0 = Release - x64|Win32
		{C43CD5CF-8AA6-4F49-AB17-C22DE2EEEC5A}.Release - x64|x64.ActiveCfg = Release - x64|x64
		{C43CD5CF-8AA6-4F49-AB17-C22DE2EEEC5A}.Release - x64|x64.Build.0 = Release - x64|x64
		{C43CD5CF-8AA6-4F49-AB17-C22DE2EEEC5A}.Release|Itanium.ActiveCfg = Release|Win32
		{C43CD5CF-8AA6-4F49-AB17-C22DE2EEEC5A}.Release|Itanium.Build.0 = Release|Win32
		{C43CD5CF-8AA6-4F49-AB17-C22DE2EEEC5A}.Release|Win32.ActiveCfg = Release|Win32
		{C43CD5CF-8AA6-4F49-AB17-C22DE2EEEC5A}.Release|Win32.Build.0 = Release|Win32
		{C43CD5CF-8AA6-4F49-AB17-C22DE2EEEC5A}.Release|x64.ActiveCfg = Release|Win32
		{36BC93C1-67B2-4CDC-A6B2-EED6EC3F4850}.Debug - Skyline Only|Itanium.ActiveCfg = Debug - Skyline Only|Win32
		{36BC93C1-67B2-4CDC-A6B2-EED6EC3F4850}.Debug - Skyline Only|Itanium.Build.0 = Debug - Skyline Only|Win32
		{36BC93C1-67B2-4CDC-A6B2-EED6EC3F4850}.Debug - Skyline Only|Win32.ActiveCfg = Debug - Skyline Only|Win32
		{36BC93C1-67B2-4CDC-A6B2-EED6EC3F4850}.Debug - Skyline Only|Win32.Build.0 = Debug - Skyline Only|Win32
		{36BC93C1-67B2-4CDC-A6B2-EED6EC3F4850}.Debug - Skyline Only|x64.ActiveCfg = Debug - Skyline Only|Win32
		{36BC93C1-67B2-4CDC-A6B2-EED6EC3F4850}.Debug|Itanium.ActiveCfg = Debug|Win32
		{36BC93C1-67B2-4CDC-A6B2-EED6EC3F4850}.Debug|Itanium.Build.0 = Debug|Win32
		{36BC93C1-67B2-4CDC-A6B2-EED6EC3F4850}.Debug|Win32.ActiveCfg = Debug|Win32
		{36BC93C1-67B2-4CDC-A6B2-EED6EC3F4850}.Debug|Win32.Build.0 = Debug|Win32
		{36BC93C1-67B2-4CDC-A6B2-EED6EC3F4850}.Debug|x64.ActiveCfg = Debug|Win32
		{36BC93C1-67B2-4CDC-A6B2-EED6EC3F4850}.Release - x64|Itanium.ActiveCfg = Release - x64|Win32
		{36BC93C1-67B2-4CDC-A6B2-EED6EC3F4850}.Release - x64|Itanium.Build.0 = Release - x64|Win32
		{36BC93C1-67B2-4CDC-A6B2-EED6EC3F4850}.Release - x64|Win32.ActiveCfg = Release - x64|Win32
		{36BC93C1-67B2-4CDC-A6B2-EED6EC3F4850}.Release - x64|Win32.Build.0 = Release - x64|Win32
		{36BC93C1-67B2-4CDC-A6B2-EED6EC3F4850}.Release - x64|x64.ActiveCfg = Release - x64|x64
		{36BC93C1-67B2-4CDC-A6B2-EED6EC3F4850}.Release - x64|x64.Build.0 = Release - x64|x64
		{36BC93C1-67B2-4CDC-A6B2-EED6EC3F4850}.Release|Itanium.ActiveCfg = Release|Win32
		{36BC93C1-67B2-4CDC-A6B2-EED6EC3F4850}.Release|Itanium.Build.0 = Release|Win32
		{36BC93C1-67B2-4CDC-A6B2-EED6EC3F4850}.Release|Win32.ActiveCfg = Release|Win32
		{36BC93C1-67B2-4CDC-A6B2-EED6EC3F4850}.Release|Win32.Build.0 = Release|Win32
		{36BC93C1-67B2-4CDC-A6B2-EED6EC3F4850}.Release|x64.ActiveCfg = Release|Win32
		{4F9551F4-03E6-41C0-9504-F93F29AAFAA7}.Debug - Skyline Only|Itanium.ActiveCfg = Debug - Skyline Only
		{4F9551F4-03E6-41C0-9504-F93F29AAFAA7}.Debug - Skyline Only|Win32.ActiveCfg = Debug - Skyline Only
		{4F9551F4-03E6-41C0-9504-F93F29AAFAA7}.Debug - Skyline Only|x64.ActiveCfg = Debug - Skyline Only
		{4F9551F4-03E6-41C0-9504-F93F29AAFAA7}.Debug - Skyline Only|x64.Build.0 = Debug - Skyline Only
		{4F9551F4-03E6-41C0-9504-F93F29AAFAA7}.Debug|Itanium.ActiveCfg = Debug
		{4F9551F4-03E6-41C0-9504-F93F29AAFAA7}.Debug|Win32.ActiveCfg = Debug
		{4F9551F4-03E6-41C0-9504-F93F29AAFAA7}.Debug|x64.ActiveCfg = Debug - Skyline Only
		{4F9551F4-03E6-41C0-9504-F93F29AAFAA7}.Debug|x64.Build.0 = Debug - Skyline Only
		{4F9551F4-03E6-41C0-9504-F93F29AAFAA7}.Release - x64|Itanium.ActiveCfg = Release - x64
		{4F9551F4-03E6-41C0-9504-F93F29AAFAA7}.Release - x64|Win32.ActiveCfg = Release - x64
		{4F9551F4-03E6-41C0-9504-F93F29AAFAA7}.Release - x64|x64.ActiveCfg = Release - x64
		{4F9551F4-03E6-41C0-9504-F93F29AAFAA7}.Release|Itanium.ActiveCfg = Release
		{4F9551F4-03E6-41C0-9504-F93F29AAFAA7}.Release|Win32.ActiveCfg = Release
		{4F9551F4-03E6-41C0-9504-F93F29AAFAA7}.Release|x64.ActiveCfg = Release - x64
		{4F9551F4-03E6-41C0-9504-F93F29AAFAA7}.Release|x64.Build.0 = Release - x64
		{C853E891-6650-4718-8584-79768B9E42B6}.Debug - Skyline Only|Itanium.ActiveCfg = Debug|Win32
		{C853E891-6650-4718-8584-79768B9E42B6}.Debug - Skyline Only|Win32.ActiveCfg = Debug|Win32
		{C853E891-6650-4718-8584-79768B9E42B6}.Debug - Skyline Only|Win32.Build.0 = Debug|Win32
		{C853E891-6650-4718-8584-79768B9E42B6}.Debug - Skyline Only|x64.ActiveCfg = Debug|Win32
		{C853E891-6650-4718-8584-79768B9E42B6}.Debug|Itanium.ActiveCfg = Debug|Win32
		{C853E891-6650-4718-8584-79768B9E42B6}.Debug|Win32.ActiveCfg = Debug|Win32
		{C853E891-6650-4718-8584-79768B9E42B6}.Debug|Win32.Build.0 = Debug|Win32
		{C853E891-6650-4718-8584-79768B9E42B6}.Debug|x64.ActiveCfg = Debug|Win32
		{C853E891-6650-4718-8584-79768B9E42B6}.Release - x64|Itanium.ActiveCfg = Release|Win32
		{C853E891-6650-4718-8584-79768B9E42B6}.Release - x64|Win32.ActiveCfg = Release|Win32
		{C853E891-6650-4718-8584-79768B9E42B6}.Release - x64|Win32.Build.0 = Release|Win32
		{C853E891-6650-4718-8584-79768B9E42B6}.Release - x64|x64.ActiveCfg = Release|Win32
		{C853E891-6650-4718-8584-79768B9E42B6}.Release|Itanium.ActiveCfg = Release|Win32
		{C853E891-6650-4718-8584-79768B9E42B6}.Release|Win32.ActiveCfg = Release|Win32
		{C853E891-6650-4718-8584-79768B9E42B6}.Release|Win32.Build.0 = Release|Win32
		{C853E891-6650-4718-8584-79768B9E42B6}.Release|x64.ActiveCfg = Release|Win32
		{4102D3E1-8084-4EFC-A1AE-05ABCD44D4BD}.Debug - Skyline Only|Itanium.ActiveCfg = Debug|Win32
		{4102D3E1-8084-4EFC-A1AE-05ABCD44D4BD}.Debug - Skyline Only|Win32.ActiveCfg = Debug|Win32
		{4102D3E1-8084-4EFC-A1AE-05ABCD44D4BD}.Debug - Skyline Only|Win32.Build.0 = Debug|Win32
		{4102D3E1-8084-4EFC-A1AE-05ABCD44D4BD}.Debug - Skyline Only|x64.ActiveCfg = Debug|Win32
		{4102D3E1-8084-4EFC-A1AE-05ABCD44D4BD}.Debug|Itanium.ActiveCfg = Debug|Win32
		{4102D3E1-8084-4EFC-A1AE-05ABCD44D4BD}.Debug|Win32.ActiveCfg = Debug|Win32
		{4102D3E1-8084-4EFC-A1AE-05ABCD44D4BD}.Debug|Win32.Build.0 = Debug|Win32
		{4102D3E1-8084-4EFC-A1AE-05ABCD44D4BD}.Debug|x64.ActiveCfg = Debug|Win32
		{4102D3E1-8084-4EFC-A1AE-05ABCD44D4BD}.Release - x64|Itanium.ActiveCfg = Release|Win32
		{4102D3E1-8084-4EFC-A1AE-05ABCD44D4BD}.Release - x64|Win32.ActiveCfg = Release|Win32
		{4102D3E1-8084-4EFC-A1AE-05ABCD44D4BD}.Release - x64|Win32.Build.0 = Release|Win32
		{4102D3E1-8084-4EFC-A1AE-05ABCD44D4BD}.Release - x64|x64.ActiveCfg = Release|Win32
		{4102D3E1-8084-4EFC-A1AE-05ABCD44D4BD}.Release|Itanium.ActiveCfg = Release|Win32
		{4102D3E1-8084-4EFC-A1AE-05ABCD44D4BD}.Release|Win32.ActiveCfg = Release|Win32
		{4102D3E1-8084-4EFC-A1AE-05ABCD44D4BD}.Release|Win32.Build.0 = Release|Win32
		{4102D3E1-8084-4EFC-A1AE-05ABCD44D4BD}.Release|x64.ActiveCfg = Release|Win32
		{6006C5A5-86B5-445B-8DE2-3A760C3B3E7C}.Debug - Skyline Only|Itanium.ActiveCfg = Debug|Win32
		{6006C5A5-86B5-445B-8DE2-3A760C3B3E7C}.Debug - Skyline Only|Win32.ActiveCfg = Debug|Win32
		{6006C5A5-86B5-445B-8DE2-3A760C3B3E7C}.Debug - Skyline Only|Win32.Build.0 = Debug|Win32
		{6006C5A5-86B5-445B-8DE2-3A760C3B3E7C}.Debug - Skyline Only|x64.ActiveCfg = Debug|Win32
		{6006C5A5-86B5-445B-8DE2-3A760C3B3E7C}.Debug|Itanium.ActiveCfg = Debug|Win32
		{6006C5A5-86B5-445B-8DE2-3A760C3B3E7C}.Debug|Win32.ActiveCfg = Debug|Win32
		{6006C5A5-86B5-445B-8DE2-3A760C3B3E7C}.Debug|Win32.Build.0 = Debug|Win32
		{6006C5A5-86B5-445B-8DE2-3A760C3B3E7C}.Debug|x64.ActiveCfg = Debug|Win32
		{6006C5A5-86B5-445B-8DE2-3A760C3B3E7C}.Release - x64|Itanium.ActiveCfg = Release|Win32
		{6006C5A5-86B5-445B-8DE2-3A760C3B3E7C}.Release - x64|Win32.ActiveCfg = Release|Win32
		{6006C5A5-86B5-445B-8DE2-3A760C3B3E7C}.Release - x64|Win32.Build.0 = Release|Win32
		{6006C5A5-86B5-445B-8DE2-3A760C3B3E7C}.Release - x64|x64.ActiveCfg = Release|Win32
		{6006C5A5-86B5-445B-8DE2-3A760C3B3E7C}.Release|Itanium.ActiveCfg = Release|Win32
		{6006C5A5-86B5-445B-8DE2-3A760C3B3E7C}.Release|Win32.ActiveCfg = Release|Win32
		{6006C5A5-86B5-445B-8DE2-3A760C3B3E7C}.Release|Win32.Build.0 = Release|Win32
		{6006C5A5-86B5-445B-8DE2-3A760C3B3E7C}.Release|x64.ActiveCfg = Release|Win32
		{94D5ECDE-4031-4231-9C28-2365B079EC3E}.Debug - Skyline Only|Itanium.ActiveCfg = Debug|Win32
		{94D5ECDE-4031-4231-9C28-2365B079EC3E}.Debug - Skyline Only|Win32.ActiveCfg = Debug|Win32
		{94D5ECDE-4031-4231-9C28-2365B079EC3E}.Debug - Skyline Only|Win32.Build.0 = Debug|Win32
		{94D5ECDE-4031-4231-9C28-2365B079EC3E}.Debug - Skyline Only|x64.ActiveCfg = Debug|Win32
		{94D5ECDE-4031-4231-9C28-2365B079EC3E}.Debug|Itanium.ActiveCfg = Debug|Win32
		{94D5ECDE-4031-4231-9C28-2365B079EC3E}.Debug|Win32.ActiveCfg = Debug|Win32
		{94D5ECDE-4031-4231-9C28-2365B079EC3E}.Debug|Win32.Build.0 = Debug|Win32
		{94D5ECDE-4031-4231-9C28-2365B079EC3E}.Debug|x64.ActiveCfg = Debug|Win32
		{94D5ECDE-4031-4231-9C28-2365B079EC3E}.Release - x64|Itanium.ActiveCfg = Release|Win32
		{94D5ECDE-4031-4231-9C28-2365B079EC3E}.Release - x64|Win32.ActiveCfg = Release|Win32
		{94D5ECDE-4031-4231-9C28-2365B079EC3E}.Release - x64|Win32.Build.0 = Release|Win32
		{94D5ECDE-4031-4231-9C28-2365B079EC3E}.Release - x64|x64.ActiveCfg = Release|Win32
		{94D5ECDE-4031-4231-9C28-2365B079EC3E}.Release|Itanium.ActiveCfg = Release|Win32
		{94D5ECDE-4031-4231-9C28-2365B079EC3E}.Release|Win32.ActiveCfg = Release|Win32
		{94D5ECDE-4031-4231-9C28-2365B079EC3E}.Release|Win32.Build.0 = Release|Win32
		{94D5ECDE-4031-4231-9C28-2365B079EC3E}.Release|x64.ActiveCfg = Release|Win32
		{B149AB0E-816A-47D1-8271-79046DE7BE85}.Debug - Skyline Only|Itanium.ActiveCfg = Debug|Win32
		{B149AB0E-816A-47D1-8271-79046DE7BE85}.Debug - Skyline Only|Win32.ActiveCfg = Debug|Win32
		{B149AB0E-816A-47D1-8271-79046DE7BE85}.Debug - Skyline Only|Win32.Build.0 = Debug|Win32
		{B149AB0E-816A-47D1-8271-79046DE7BE85}.Debug - Skyline Only|x64.ActiveCfg = Debug|Win32
		{B149AB0E-816A-47D1-8271-79046DE7BE85}.Debug|Itanium.ActiveCfg = Debug|Win32
		{B149AB0E-816A-47D1-8271-79046DE7BE85}.Debug|Win32.ActiveCfg = Debug|Win32
		{B149AB0E-816A-47D1-8271-79046DE7BE85}.Debug|Win32.Build.0 = Debug|Win32
		{B149AB0E-816A-47D1-8271-79046DE7BE85}.Debug|x64.ActiveCfg = Debug|Win32
		{B149AB0E-816A-47D1-8271-79046DE7BE85}.Release - x64|Itanium.ActiveCfg = Release|Win32
		{B149AB0E-816A-47D1-8271-79046DE7BE85}.Release - x64|Win32.ActiveCfg = Release|Win32
		{B149AB0E-816A-47D1-8271-79046DE7BE85}.Release - x64|Win32.Build.0 = Release|Win32
		{B149AB0E-816A-47D1-8271-79046DE7BE85}.Release - x64|x64.ActiveCfg = Release|Win32
		{B149AB0E-816A-47D1-8271-79046DE7BE85}.Release|Itanium.ActiveCfg = Release|Win32
		{B149AB0E-816A-47D1-8271-79046DE7BE85}.Release|Win32.ActiveCfg = Release|Win32
		{B149AB0E-816A-47D1-8271-79046DE7BE85}.Release|Win32.Build.0 = Release|Win32
		{B149AB0E-816A-47D1-8271-79046DE7BE85}.Release|x64.ActiveCfg = Release|Win32
	EndGlobalSection
	GlobalSection(SolutionProperties) = preSolution
		HideSolutionNode = FALSE
	EndGlobalSection
EndGlobal
