// !$*UTF8*$!
{
	archiveVersion = 1;
	classes = {
	};
	objectVersion = 46;
	objects = {

/* Begin PBXBuildFile section */
		D513A2F61952467E00060C20 /* FEBioHeatData.cpp in Sources */ = {isa = PBXBuildFile; fileRef = D513A2F41952467E00060C20 /* FEBioHeatData.cpp */; };
		D513A2F71952467E00060C20 /* FEBioHeatData.h in Headers */ = {isa = PBXBuildFile; fileRef = D513A2F51952467E00060C20 /* FEBioHeatData.h */; };
		D5E106331865DF1900B23922 /* FEBioHeat.cpp in Sources */ = {isa = PBXBuildFile; fileRef = D5E106171865DF1900B23922 /* FEBioHeat.cpp */; };
		D5E106341865DF1900B23922 /* FEBioHeat.h in Headers */ = {isa = PBXBuildFile; fileRef = D5E106181865DF1900B23922 /* FEBioHeat.h */; };
		D5E106351865DF1900B23922 /* FEConvectiveHeatFlux.cpp in Sources */ = {isa = PBXBuildFile; fileRef = D5E1061A1865DF1900B23922 /* FEConvectiveHeatFlux.cpp */; };
		D5E106361865DF1900B23922 /* FEConvectiveHeatFlux.h in Headers */ = {isa = PBXBuildFile; fileRef = D5E1061B1865DF1900B23922 /* FEConvectiveHeatFlux.h */; };
		D5E106371865DF1900B23922 /* FECoupledHeatSolidSolver.cpp in Sources */ = {isa = PBXBuildFile; fileRef = D5E1061C1865DF1900B23922 /* FECoupledHeatSolidSolver.cpp */; };
		D5E106381865DF1900B23922 /* FECoupledHeatSolidSolver.h in Headers */ = {isa = PBXBuildFile; fileRef = D5E1061D1865DF1900B23922 /* FECoupledHeatSolidSolver.h */; };
		D5E106391865DF1900B23922 /* FEHeatDomainFactory.cpp in Sources */ = {isa = PBXBuildFile; fileRef = D5E1061E1865DF1900B23922 /* FEHeatDomainFactory.cpp */; };
		D5E1063A1865DF1900B23922 /* FEHeatDomainFactory.h in Headers */ = {isa = PBXBuildFile; fileRef = D5E1061F1865DF1900B23922 /* FEHeatDomainFactory.h */; };
		D5E1063B1865DF1900B23922 /* FEHeatFlux.cpp in Sources */ = {isa = PBXBuildFile; fileRef = D5E106201865DF1900B23922 /* FEHeatFlux.cpp */; };
		D5E1063C1865DF1900B23922 /* FEHeatFlux.h in Headers */ = {isa = PBXBuildFile; fileRef = D5E106211865DF1900B23922 /* FEHeatFlux.h */; };
		D5E1063D1865DF1900B23922 /* FEHeatSolidDomain.cpp in Sources */ = {isa = PBXBuildFile; fileRef = D5E106221865DF1900B23922 /* FEHeatSolidDomain.cpp */; };
		D5E1063E1865DF1900B23922 /* FEHeatSolidDomain.h in Headers */ = {isa = PBXBuildFile; fileRef = D5E106231865DF1900B23922 /* FEHeatSolidDomain.h */; };
		D5E1063F1865DF1900B23922 /* FEHeatSolver.cpp in Sources */ = {isa = PBXBuildFile; fileRef = D5E106241865DF1900B23922 /* FEHeatSolver.cpp */; };
		D5E106401865DF1900B23922 /* FEHeatSolver.h in Headers */ = {isa = PBXBuildFile; fileRef = D5E106251865DF1900B23922 /* FEHeatSolver.h */; };
		D5E106411865DF1900B23922 /* FEHeatSource.cpp in Sources */ = {isa = PBXBuildFile; fileRef = D5E106261865DF1900B23922 /* FEHeatSource.cpp */; };
		D5E106421865DF1900B23922 /* FEHeatSource.h in Headers */ = {isa = PBXBuildFile; fileRef = D5E106271865DF1900B23922 /* FEHeatSource.h */; };
		D5E106431865DF1900B23922 /* FEHeatStiffnessMatrix.cpp in Sources */ = {isa = PBXBuildFile; fileRef = D5E106281865DF1900B23922 /* FEHeatStiffnessMatrix.cpp */; };
		D5E106441865DF1900B23922 /* FEHeatStiffnessMatrix.h in Headers */ = {isa = PBXBuildFile; fileRef = D5E106291865DF1900B23922 /* FEHeatStiffnessMatrix.h */; };
		D5E106451865DF1900B23922 /* FEHeatTransferAnalysis.cpp in Sources */ = {isa = PBXBuildFile; fileRef = D5E1062A1865DF1900B23922 /* FEHeatTransferAnalysis.cpp */; };
		D5E106461865DF1900B23922 /* FEHeatTransferAnalysis.h in Headers */ = {isa = PBXBuildFile; fileRef = D5E1062B1865DF1900B23922 /* FEHeatTransferAnalysis.h */; };
		D5E106471865DF1900B23922 /* FEHeatTransferMaterial.h in Headers */ = {isa = PBXBuildFile; fileRef = D5E1062C1865DF1900B23922 /* FEHeatTransferMaterial.h */; };
		D5E106481865DF1900B23922 /* FEIsotropicFourier.cpp in Sources */ = {isa = PBXBuildFile; fileRef = D5E1062D1865DF1900B23922 /* FEIsotropicFourier.cpp */; };
		D5E106491865DF1900B23922 /* FEIsotropicFourier.h in Headers */ = {isa = PBXBuildFile; fileRef = D5E1062E1865DF1900B23922 /* FEIsotropicFourier.h */; };
		D5E1064A1865DF1900B23922 /* FEPlotHeatFlux.cpp in Sources */ = {isa = PBXBuildFile; fileRef = D5E1062F1865DF1900B23922 /* FEPlotHeatFlux.cpp */; };
		D5E1064B1865DF1900B23922 /* FEPlotHeatFlux.h in Headers */ = {isa = PBXBuildFile; fileRef = D5E106301865DF1900B23922 /* FEPlotHeatFlux.h */; };
		D5E1064C1865DF1900B23922 /* FEPlotNodeTemperature.cpp in Sources */ = {isa = PBXBuildFile; fileRef = D5E106311865DF1900B23922 /* FEPlotNodeTemperature.cpp */; };
		D5E1064D1865DF1900B23922 /* FEPlotNodeTemperature.h in Headers */ = {isa = PBXBuildFile; fileRef = D5E106321865DF1900B23922 /* FEPlotNodeTemperature.h */; };
/* End PBXBuildFile section */

/* Begin PBXFileReference section */
		D513A2F41952467E00060C20 /* FEBioHeatData.cpp */ = {isa = PBXFileReference; fileEncoding = 4; lastKnownFileType = sourcecode.cpp.cpp; path = FEBioHeatData.cpp; sourceTree = "<group>"; };
		D513A2F51952467E00060C20 /* FEBioHeatData.h */ = {isa = PBXFileReference; fileEncoding = 4; lastKnownFileType = sourcecode.c.h; path = FEBioHeatData.h; sourceTree = "<group>"; };
		D5E1060F1865DF0200B23922 /* libFEBioHeat.a */ = {isa = PBXFileReference; explicitFileType = archive.ar; includeInIndex = 0; path = libFEBioHeat.a; sourceTree = BUILT_PRODUCTS_DIR; };
		D5E106171865DF1900B23922 /* FEBioHeat.cpp */ = {isa = PBXFileReference; fileEncoding = 4; lastKnownFileType = sourcecode.cpp.cpp; path = FEBioHeat.cpp; sourceTree = "<group>"; };
		D5E106181865DF1900B23922 /* FEBioHeat.h */ = {isa = PBXFileReference; fileEncoding = 4; lastKnownFileType = sourcecode.c.h; path = FEBioHeat.h; sourceTree = "<group>"; };
		D5E1061A1865DF1900B23922 /* FEConvectiveHeatFlux.cpp */ = {isa = PBXFileReference; fileEncoding = 4; lastKnownFileType = sourcecode.cpp.cpp; path = FEConvectiveHeatFlux.cpp; sourceTree = "<group>"; };
		D5E1061B1865DF1900B23922 /* FEConvectiveHeatFlux.h */ = {isa = PBXFileReference; fileEncoding = 4; lastKnownFileType = sourcecode.c.h; path = FEConvectiveHeatFlux.h; sourceTree = "<group>"; };
		D5E1061C1865DF1900B23922 /* FECoupledHeatSolidSolver.cpp */ = {isa = PBXFileReference; fileEncoding = 4; lastKnownFileType = sourcecode.cpp.cpp; path = FECoupledHeatSolidSolver.cpp; sourceTree = "<group>"; };
		D5E1061D1865DF1900B23922 /* FECoupledHeatSolidSolver.h */ = {isa = PBXFileReference; fileEncoding = 4; lastKnownFileType = sourcecode.c.h; path = FECoupledHeatSolidSolver.h; sourceTree = "<group>"; };
		D5E1061E1865DF1900B23922 /* FEHeatDomainFactory.cpp */ = {isa = PBXFileReference; fileEncoding = 4; lastKnownFileType = sourcecode.cpp.cpp; path = FEHeatDomainFactory.cpp; sourceTree = "<group>"; };
		D5E1061F1865DF1900B23922 /* FEHeatDomainFactory.h */ = {isa = PBXFileReference; fileEncoding = 4; lastKnownFileType = sourcecode.c.h; path = FEHeatDomainFactory.h; sourceTree = "<group>"; };
		D5E106201865DF1900B23922 /* FEHeatFlux.cpp */ = {isa = PBXFileReference; fileEncoding = 4; lastKnownFileType = sourcecode.cpp.cpp; path = FEHeatFlux.cpp; sourceTree = "<group>"; };
		D5E106211865DF1900B23922 /* FEHeatFlux.h */ = {isa = PBXFileReference; fileEncoding = 4; lastKnownFileType = sourcecode.c.h; path = FEHeatFlux.h; sourceTree = "<group>"; };
		D5E106221865DF1900B23922 /* FEHeatSolidDomain.cpp */ = {isa = PBXFileReference; fileEncoding = 4; lastKnownFileType = sourcecode.cpp.cpp; path = FEHeatSolidDomain.cpp; sourceTree = "<group>"; };
		D5E106231865DF1900B23922 /* FEHeatSolidDomain.h */ = {isa = PBXFileReference; fileEncoding = 4; lastKnownFileType = sourcecode.c.h; path = FEHeatSolidDomain.h; sourceTree = "<group>"; };
		D5E106241865DF1900B23922 /* FEHeatSolver.cpp */ = {isa = PBXFileReference; fileEncoding = 4; lastKnownFileType = sourcecode.cpp.cpp; path = FEHeatSolver.cpp; sourceTree = "<group>"; };
		D5E106251865DF1900B23922 /* FEHeatSolver.h */ = {isa = PBXFileReference; fileEncoding = 4; lastKnownFileType = sourcecode.c.h; path = FEHeatSolver.h; sourceTree = "<group>"; };
		D5E106261865DF1900B23922 /* FEHeatSource.cpp */ = {isa = PBXFileReference; fileEncoding = 4; lastKnownFileType = sourcecode.cpp.cpp; path = FEHeatSource.cpp; sourceTree = "<group>"; };
		D5E106271865DF1900B23922 /* FEHeatSource.h */ = {isa = PBXFileReference; fileEncoding = 4; lastKnownFileType = sourcecode.c.h; path = FEHeatSource.h; sourceTree = "<group>"; };
		D5E106281865DF1900B23922 /* FEHeatStiffnessMatrix.cpp */ = {isa = PBXFileReference; fileEncoding = 4; lastKnownFileType = sourcecode.cpp.cpp; path = FEHeatStiffnessMatrix.cpp; sourceTree = "<group>"; };
		D5E106291865DF1900B23922 /* FEHeatStiffnessMatrix.h */ = {isa = PBXFileReference; fileEncoding = 4; lastKnownFileType = sourcecode.c.h; path = FEHeatStiffnessMatrix.h; sourceTree = "<group>"; };
		D5E1062A1865DF1900B23922 /* FEHeatTransferAnalysis.cpp */ = {isa = PBXFileReference; fileEncoding = 4; lastKnownFileType = sourcecode.cpp.cpp; path = FEHeatTransferAnalysis.cpp; sourceTree = "<group>"; };
		D5E1062B1865DF1900B23922 /* FEHeatTransferAnalysis.h */ = {isa = PBXFileReference; fileEncoding = 4; lastKnownFileType = sourcecode.c.h; path = FEHeatTransferAnalysis.h; sourceTree = "<group>"; };
		D5E1062C1865DF1900B23922 /* FEHeatTransferMaterial.h */ = {isa = PBXFileReference; fileEncoding = 4; lastKnownFileType = sourcecode.c.h; path = FEHeatTransferMaterial.h; sourceTree = "<group>"; };
		D5E1062D1865DF1900B23922 /* FEIsotropicFourier.cpp */ = {isa = PBXFileReference; fileEncoding = 4; lastKnownFileType = sourcecode.cpp.cpp; path = FEIsotropicFourier.cpp; sourceTree = "<group>"; };
		D5E1062E1865DF1900B23922 /* FEIsotropicFourier.h */ = {isa = PBXFileReference; fileEncoding = 4; lastKnownFileType = sourcecode.c.h; path = FEIsotropicFourier.h; sourceTree = "<group>"; };
		D5E1062F1865DF1900B23922 /* FEPlotHeatFlux.cpp */ = {isa = PBXFileReference; fileEncoding = 4; lastKnownFileType = sourcecode.cpp.cpp; path = FEPlotHeatFlux.cpp; sourceTree = "<group>"; };
		D5E106301865DF1900B23922 /* FEPlotHeatFlux.h */ = {isa = PBXFileReference; fileEncoding = 4; lastKnownFileType = sourcecode.c.h; path = FEPlotHeatFlux.h; sourceTree = "<group>"; };
		D5E106311865DF1900B23922 /* FEPlotNodeTemperature.cpp */ = {isa = PBXFileReference; fileEncoding = 4; lastKnownFileType = sourcecode.cpp.cpp; path = FEPlotNodeTemperature.cpp; sourceTree = "<group>"; };
		D5E106321865DF1900B23922 /* FEPlotNodeTemperature.h */ = {isa = PBXFileReference; fileEncoding = 4; lastKnownFileType = sourcecode.c.h; path = FEPlotNodeTemperature.h; sourceTree = "<group>"; };
/* End PBXFileReference section */

/* Begin PBXFrameworksBuildPhase section */
		D5E1060C1865DF0200B23922 /* Frameworks */ = {
			isa = PBXFrameworksBuildPhase;
			buildActionMask = 2147483647;
			files = (
			);
			runOnlyForDeploymentPostprocessing = 0;
		};
/* End PBXFrameworksBuildPhase section */

/* Begin PBXGroup section */
		D5E106061865DF0200B23922 = {
			isa = PBXGroup;
			children = (
				D5E106161865DF1900B23922 /* FEBioHeat */,
				D5E106101865DF0200B23922 /* Products */,
			);
			sourceTree = "<group>";
		};
		D5E106101865DF0200B23922 /* Products */ = {
			isa = PBXGroup;
			children = (
				D5E1060F1865DF0200B23922 /* libFEBioHeat.a */,
			);
			name = Products;
			sourceTree = "<group>";
		};
		D5E106161865DF1900B23922 /* FEBioHeat */ = {
			isa = PBXGroup;
			children = (
				D5E106171865DF1900B23922 /* FEBioHeat.cpp */,
				D5E106181865DF1900B23922 /* FEBioHeat.h */,
				D513A2F41952467E00060C20 /* FEBioHeatData.cpp */,
				D513A2F51952467E00060C20 /* FEBioHeatData.h */,
				D5E1061A1865DF1900B23922 /* FEConvectiveHeatFlux.cpp */,
				D5E1061B1865DF1900B23922 /* FEConvectiveHeatFlux.h */,
				D5E1061C1865DF1900B23922 /* FECoupledHeatSolidSolver.cpp */,
				D5E1061D1865DF1900B23922 /* FECoupledHeatSolidSolver.h */,
				D5E1061E1865DF1900B23922 /* FEHeatDomainFactory.cpp */,
				D5E1061F1865DF1900B23922 /* FEHeatDomainFactory.h */,
				D5E106201865DF1900B23922 /* FEHeatFlux.cpp */,
				D5E106211865DF1900B23922 /* FEHeatFlux.h */,
				D5E106221865DF1900B23922 /* FEHeatSolidDomain.cpp */,
				D5E106231865DF1900B23922 /* FEHeatSolidDomain.h */,
				D5E106241865DF1900B23922 /* FEHeatSolver.cpp */,
				D5E106251865DF1900B23922 /* FEHeatSolver.h */,
				D5E106261865DF1900B23922 /* FEHeatSource.cpp */,
				D5E106271865DF1900B23922 /* FEHeatSource.h */,
				D5E106281865DF1900B23922 /* FEHeatStiffnessMatrix.cpp */,
				D5E106291865DF1900B23922 /* FEHeatStiffnessMatrix.h */,
				D5E1062A1865DF1900B23922 /* FEHeatTransferAnalysis.cpp */,
				D5E1062B1865DF1900B23922 /* FEHeatTransferAnalysis.h */,
				D5E1062C1865DF1900B23922 /* FEHeatTransferMaterial.h */,
				D5E1062D1865DF1900B23922 /* FEIsotropicFourier.cpp */,
				D5E1062E1865DF1900B23922 /* FEIsotropicFourier.h */,
				D5E1062F1865DF1900B23922 /* FEPlotHeatFlux.cpp */,
				D5E106301865DF1900B23922 /* FEPlotHeatFlux.h */,
				D5E106311865DF1900B23922 /* FEPlotNodeTemperature.cpp */,
				D5E106321865DF1900B23922 /* FEPlotNodeTemperature.h */,
			);
			name = FEBioHeat;
			path = ../../FEBioHeat;
			sourceTree = "<group>";
		};
/* End PBXGroup section */

/* Begin PBXHeadersBuildPhase section */
		D5E1060D1865DF0200B23922 /* Headers */ = {
			isa = PBXHeadersBuildPhase;
			buildActionMask = 2147483647;
			files = (
				D5E1063A1865DF1900B23922 /* FEHeatDomainFactory.h in Headers */,
				D5E106491865DF1900B23922 /* FEIsotropicFourier.h in Headers */,
				D5E1063E1865DF1900B23922 /* FEHeatSolidDomain.h in Headers */,
				D5E106421865DF1900B23922 /* FEHeatSource.h in Headers */,
				D5E1063C1865DF1900B23922 /* FEHeatFlux.h in Headers */,
				D5E106461865DF1900B23922 /* FEHeatTransferAnalysis.h in Headers */,
				D5E106361865DF1900B23922 /* FEConvectiveHeatFlux.h in Headers */,
				D5E1064D1865DF1900B23922 /* FEPlotNodeTemperature.h in Headers */,
				D5E106381865DF1900B23922 /* FECoupledHeatSolidSolver.h in Headers */,
				D5E1064B1865DF1900B23922 /* FEPlotHeatFlux.h in Headers */,
				D513A2F71952467E00060C20 /* FEBioHeatData.h in Headers */,
				D5E106401865DF1900B23922 /* FEHeatSolver.h in Headers */,
				D5E106441865DF1900B23922 /* FEHeatStiffnessMatrix.h in Headers */,
				D5E106341865DF1900B23922 /* FEBioHeat.h in Headers */,
				D5E106471865DF1900B23922 /* FEHeatTransferMaterial.h in Headers */,
			);
			runOnlyForDeploymentPostprocessing = 0;
		};
/* End PBXHeadersBuildPhase section */

/* Begin PBXNativeTarget section */
		D5E1060E1865DF0200B23922 /* FEBioHeat */ = {
			isa = PBXNativeTarget;
			buildConfigurationList = D5E106131865DF0200B23922 /* Build configuration list for PBXNativeTarget "FEBioHeat" */;
			buildPhases = (
				D5E1060B1865DF0200B23922 /* Sources */,
				D5E1060C1865DF0200B23922 /* Frameworks */,
				D5E1060D1865DF0200B23922 /* Headers */,
			);
			buildRules = (
			);
			dependencies = (
			);
			name = FEBioHeat;
			productName = FEBioHeat;
			productReference = D5E1060F1865DF0200B23922 /* libFEBioHeat.a */;
			productType = "com.apple.product-type.library.static";
		};
/* End PBXNativeTarget section */

/* Begin PBXProject section */
		D5E106071865DF0200B23922 /* Project object */ = {
			isa = PBXProject;
			attributes = {
				LastUpgradeCheck = 0500;
				ORGANIZATIONNAME = febio.org;
			};
			buildConfigurationList = D5E1060A1865DF0200B23922 /* Build configuration list for PBXProject "FEBioHeat" */;
			compatibilityVersion = "Xcode 3.2";
			developmentRegion = English;
			hasScannedForEncodings = 0;
			knownRegions = (
				en,
			);
			mainGroup = D5E106061865DF0200B23922;
			productRefGroup = D5E106101865DF0200B23922 /* Products */;
			projectDirPath = "";
			projectRoot = "";
			targets = (
				D5E1060E1865DF0200B23922 /* FEBioHeat */,
			);
		};
/* End PBXProject section */

/* Begin PBXSourcesBuildPhase section */
		D5E1060B1865DF0200B23922 /* Sources */ = {
			isa = PBXSourcesBuildPhase;
			buildActionMask = 2147483647;
			files = (
				D5E1064C1865DF1900B23922 /* FEPlotNodeTemperature.cpp in Sources */,
				D5E1063B1865DF1900B23922 /* FEHeatFlux.cpp in Sources */,
				D5E106331865DF1900B23922 /* FEBioHeat.cpp in Sources */,
				D5E1063D1865DF1900B23922 /* FEHeatSolidDomain.cpp in Sources */,
				D5E106451865DF1900B23922 /* FEHeatTransferAnalysis.cpp in Sources */,
				D5E106391865DF1900B23922 /* FEHeatDomainFactory.cpp in Sources */,
				D5E106351865DF1900B23922 /* FEConvectiveHeatFlux.cpp in Sources */,
				D513A2F61952467E00060C20 /* FEBioHeatData.cpp in Sources */,
				D5E1064A1865DF1900B23922 /* FEPlotHeatFlux.cpp in Sources */,
				D5E1063F1865DF1900B23922 /* FEHeatSolver.cpp in Sources */,
				D5E106371865DF1900B23922 /* FECoupledHeatSolidSolver.cpp in Sources */,
				D5E106431865DF1900B23922 /* FEHeatStiffnessMatrix.cpp in Sources */,
				D5E106481865DF1900B23922 /* FEIsotropicFourier.cpp in Sources */,
				D5E106411865DF1900B23922 /* FEHeatSource.cpp in Sources */,
			);
			runOnlyForDeploymentPostprocessing = 0;
		};
/* End PBXSourcesBuildPhase section */

/* Begin XCBuildConfiguration section */
		D5E106111865DF0200B23922 /* Debug */ = {
			isa = XCBuildConfiguration;
			buildSettings = {
				ALWAYS_SEARCH_USER_PATHS = YES;
				CLANG_CXX_LANGUAGE_STANDARD = "gnu++0x";
				CLANG_CXX_LIBRARY = "compiler-default";
				CLANG_ENABLE_OBJC_ARC = YES;
				CLANG_WARN_BOOL_CONVERSION = YES;
				CLANG_WARN_CONSTANT_CONVERSION = YES;
				CLANG_WARN_DIRECT_OBJC_ISA_USAGE = YES_ERROR;
				CLANG_WARN_EMPTY_BODY = YES;
				CLANG_WARN_ENUM_CONVERSION = YES;
				CLANG_WARN_INT_CONVERSION = YES;
				CLANG_WARN_OBJC_ROOT_CLASS = YES_ERROR;
				CLANG_WARN__DUPLICATE_METHOD_MATCH = YES;
				COPY_PHASE_STRIP = NO;
				GCC_C_LANGUAGE_STANDARD = gnu99;
				GCC_DYNAMIC_NO_PIC = NO;
				GCC_ENABLE_OBJC_EXCEPTIONS = YES;
				GCC_OPTIMIZATION_LEVEL = 0;
				GCC_PREPROCESSOR_DEFINITIONS = (
					"DEBUG=1",
					"$(inherited)",
				);
				GCC_SYMBOLS_PRIVATE_EXTERN = NO;
				GCC_VERSION = "";
				GCC_WARN_64_TO_32_BIT_CONVERSION = YES;
				GCC_WARN_ABOUT_RETURN_TYPE = YES_ERROR;
				GCC_WARN_UNDECLARED_SELECTOR = YES;
				GCC_WARN_UNINITIALIZED_AUTOS = YES;
				GCC_WARN_UNUSED_FUNCTION = YES;
				GCC_WARN_UNUSED_VARIABLE = YES;
				ICC_CXX_LIBRARY = "libc++";
				ICC_OPTLEVEL = none;
				MACOSX_DEPLOYMENT_TARGET = 10.7;
				ONLY_ACTIVE_ARCH = YES;
				SDKROOT = macosx;
				SKIP_INSTALL = YES;
				USER_HEADER_SEARCH_PATHS = "$(SRCROOT)/../..";
			};
			name = Debug;
		};
		D5E106121865DF0200B23922 /* Release */ = {
			isa = XCBuildConfiguration;
			buildSettings = {
				ALWAYS_SEARCH_USER_PATHS = YES;
				CLANG_CXX_LANGUAGE_STANDARD = "gnu++0x";
				CLANG_CXX_LIBRARY = "libc++";
				CLANG_ENABLE_OBJC_ARC = YES;
				CLANG_WARN_BOOL_CONVERSION = YES;
				CLANG_WARN_CONSTANT_CONVERSION = YES;
				CLANG_WARN_DIRECT_OBJC_ISA_USAGE = YES_ERROR;
				CLANG_WARN_EMPTY_BODY = YES;
				CLANG_WARN_ENUM_CONVERSION = YES;
				CLANG_WARN_INT_CONVERSION = YES;
				CLANG_WARN_OBJC_ROOT_CLASS = YES_ERROR;
				CLANG_WARN__DUPLICATE_METHOD_MATCH = YES;
				COPY_PHASE_STRIP = YES;
				DEBUG_INFORMATION_FORMAT = "dwarf-with-dsym";
				ENABLE_NS_ASSERTIONS = NO;
				GCC_C_LANGUAGE_STANDARD = gnu99;
				GCC_ENABLE_OBJC_EXCEPTIONS = YES;
				GCC_VERSION = com.intel.compilers.icc.15_0_0;
				GCC_WARN_64_TO_32_BIT_CONVERSION = YES;
				GCC_WARN_ABOUT_RETURN_TYPE = YES_ERROR;
				GCC_WARN_UNDECLARED_SELECTOR = YES;
				GCC_WARN_UNINITIALIZED_AUTOS = YES;
				GCC_WARN_UNUSED_FUNCTION = YES;
				GCC_WARN_UNUSED_VARIABLE = YES;
				ICC_CXX_LIBRARY = "libc++";
				ICC_OPTLEVEL = speedHLO;
				MACOSX_DEPLOYMENT_TARGET = 10.7;
				SDKROOT = macosx;
				SKIP_INSTALL = YES;
				USER_HEADER_SEARCH_PATHS = "$(SRCROOT)/../..";
			};
			name = Release;
		};
		D5E106141865DF0200B23922 /* Debug */ = {
			isa = XCBuildConfiguration;
			buildSettings = {
				EXECUTABLE_PREFIX = lib;
				PRODUCT_NAME = "$(TARGET_NAME)";
			};
			name = Debug;
		};
		D5E106151865DF0200B23922 /* Release */ = {
			isa = XCBuildConfiguration;
			buildSettings = {
				EXECUTABLE_PREFIX = lib;
				PRODUCT_NAME = "$(TARGET_NAME)";
			};
			name = Release;
		};
/* End XCBuildConfiguration section */

/* Begin XCConfigurationList section */
		D5E1060A1865DF0200B23922 /* Build configuration list for PBXProject "FEBioHeat" */ = {
			isa = XCConfigurationList;
			buildConfigurations = (
				D5E106111865DF0200B23922 /* Debug */,
				D5E106121865DF0200B23922 /* Release */,
			);
			defaultConfigurationIsVisible = 0;
			defaultConfigurationName = Release;
		};
		D5E106131865DF0200B23922 /* Build configuration list for PBXNativeTarget "FEBioHeat" */ = {
			isa = XCConfigurationList;
			buildConfigurations = (
				D5E106141865DF0200B23922 /* Debug */,
				D5E106151865DF0200B23922 /* Release */,
			);
			defaultConfigurationIsVisible = 0;
			defaultConfigurationName = Release;
		};
/* End XCConfigurationList section */
	};
	rootObject = D5E106071865DF0200B23922 /* Project object */;
}
