<?xml version="1.0" encoding="utf-8"?>
<Project ToolsVersion="4.0" xmlns="http://schemas.microsoft.com/developer/msbuild/2003">
  <ItemGroup>
    <Filter Include="Source Files">
      <UniqueIdentifier>{4FC737F1-C7A5-4376-A066-2A32D752A2FF}</UniqueIdentifier>
      <Extensions>cpp;c;cc;cxx;def;odl;idl;hpj;bat;asm;asmx</Extensions>
    </Filter>
    <Filter Include="Header Files">
      <UniqueIdentifier>{93995380-89BD-4b04-88EB-625FBE52EBFB}</UniqueIdentifier>
      <Extensions>h;hpp;hxx;hm;inl;inc;xsd</Extensions>
    </Filter>
    <Filter Include="Resource Files">
      <UniqueIdentifier>{67DA6AB6-F800-4c08-8B7A-83BB121AAD01}</UniqueIdentifier>
      <Extensions>rc;ico;cur;bmp;dlg;rc2;rct;bin;rgs;gif;jpg;jpeg;jpe;resx;tiff;tif;png;wav;mfcribbon-ms</Extensions>
    </Filter>
  </ItemGroup>
  <ItemGroup>
    <ClInclude Include="..\..\FEBio2\Command.h">
      <Filter>Header Files</Filter>
    </ClInclude>
    <ClInclude Include="..\..\FEBio2\CommandManager.h">
      <Filter>Header Files</Filter>
    </ClInclude>
    <ClInclude Include="..\..\FEBio2\console.h">
      <Filter>Header Files</Filter>
    </ClInclude>
    <ClInclude Include="..\..\FEBio2\DataStore.h">
      <Filter>Header Files</Filter>
    </ClInclude>
    <ClInclude Include="..\..\FEBio2\FEAnalysis.h">
      <Filter>Header Files</Filter>
    </ClInclude>
    <ClInclude Include="..\..\FEBio2\FEAugLagLinearConstraint.h">
      <Filter>Header Files</Filter>
    </ClInclude>
    <ClInclude Include="..\..\FEBio2\FEBioCommand.h">
      <Filter>Header Files</Filter>
    </ClInclude>
    <ClInclude Include="..\..\FEBio2\FEBioImport.h">
      <Filter>Header Files</Filter>
    </ClInclude>
    <ClInclude Include="..\..\FEBio2\FEBioPlotFile.h">
      <Filter>Header Files</Filter>
    </ClInclude>
    <ClInclude Include="..\..\FEBio2\FEBioStdSolver.h">
      <Filter>Header Files</Filter>
    </ClInclude>
    <ClInclude Include="..\..\FEBio2\FEBiphasic.h">
      <Filter>Header Files</Filter>
    </ClInclude>
    <ClInclude Include="..\..\FEBio2\FEBiphasicDomain.h">
      <Filter>Header Files</Filter>
    </ClInclude>
    <ClInclude Include="..\..\FEBio2\FEBiphasicSoluteDomain.h">
      <Filter>Header Files</Filter>
    </ClInclude>
    <ClInclude Include="..\..\FEBio2\FEBox.h">
      <Filter>Header Files</Filter>
    </ClInclude>
    <ClInclude Include="..\..\FEBio2\FEContactDiagnostic.h">
      <Filter>Header Files</Filter>
    </ClInclude>
    <ClInclude Include="..\..\FEBio2\FEDiagnostic.h">
      <Filter>Header Files</Filter>
    </ClInclude>
    <ClInclude Include="..\..\FEBio2\FEDiffConstIso.h">
      <Filter>Header Files</Filter>
    </ClInclude>
    <ClInclude Include="..\..\FEBio2\FEDiffConstOrtho.h">
      <Filter>Header Files</Filter>
    </ClInclude>
    <ClInclude Include="..\..\FEBio2\FEDiffRefIso.h">
      <Filter>Header Files</Filter>
    </ClInclude>
    <ClInclude Include="..\..\FEBio2\FEDiscreteMaterial.h">
      <Filter>Header Files</Filter>
    </ClInclude>
    <ClInclude Include="..\..\FEBio2\FEDiscreteSpringDomain.h">
      <Filter>Header Files</Filter>
    </ClInclude>
    <ClInclude Include="..\..\FEBio2\FEDonnanEquilibrium.h">
      <Filter>Header Files</Filter>
    </ClInclude>
    <ClInclude Include="..\..\FEBio2\FEEFDDonnanEquilibrium.h">
      <Filter>Header Files</Filter>
    </ClInclude>
    <ClInclude Include="..\..\FEBio2\FEEFDMooneyRivlin.h">
      <Filter>Header Files</Filter>
    </ClInclude>
    <ClInclude Include="..\..\FEBio2\FEEFDNeoHookean.h">
      <Filter>Header Files</Filter>
    </ClInclude>
    <ClInclude Include="..\..\FEBio2\FEEFDUncoupled.h">
      <Filter>Header Files</Filter>
    </ClInclude>
    <ClInclude Include="..\..\FEBio2\FEEFDVerondaWestmann.h">
      <Filter>Header Files</Filter>
    </ClInclude>
    <ClInclude Include="..\..\FEBio2\FEElasticMixture.h">
      <Filter>Header Files</Filter>
    </ClInclude>
    <ClInclude Include="..\..\FEBio2\FEElasticShellDomain.h">
      <Filter>Header Files</Filter>
    </ClInclude>
    <ClInclude Include="..\..\FEBio2\FEElasticSolidDomain.h">
      <Filter>Header Files</Filter>
    </ClInclude>
    <ClInclude Include="..\..\FEBio2\FEElasticTrussDomain.h">
      <Filter>Header Files</Filter>
    </ClInclude>
    <ClInclude Include="..\..\FEBio2\FEElemElemList.h">
      <Filter>Header Files</Filter>
    </ClInclude>
    <ClInclude Include="..\..\FEBio2\FEEllipsoidalFiberDistribution.h">
      <Filter>Header Files</Filter>
    </ClInclude>
    <ClInclude Include="..\..\FEBio2\FEFacet2FacetSliding.h">
      <Filter>Header Files</Filter>
    </ClInclude>
    <ClInclude Include="..\..\FEBio2\FEFiberNeoHookean.h">
      <Filter>Header Files</Filter>
    </ClInclude>
    <ClInclude Include="..\..\FEBio2\FEFluidFlux.h">
      <Filter>Header Files</Filter>
    </ClInclude>
    <ClInclude Include="..\..\FEBio2\FEFungOrthotropic.h">
      <Filter>Header Files</Filter>
    </ClInclude>
    <ClInclude Include="..\..\FEBio2\FEGasserOgdenHolzapfel.h">
      <Filter>Header Files</Filter>
    </ClInclude>
    <ClInclude Include="..\..\FEBio2\FEHeatFlux.h">
      <Filter>Header Files</Filter>
    </ClInclude>
    <ClInclude Include="..\..\FEBio2\FEHeatSolidDomain.h">
      <Filter>Header Files</Filter>
    </ClInclude>
    <ClInclude Include="..\..\FEBio2\FEHeatSolver.h">
      <Filter>Header Files</Filter>
    </ClInclude>
    <ClInclude Include="..\..\FEBio2\FEHolmesMow.h">
      <Filter>Header Files</Filter>
    </ClInclude>
    <ClInclude Include="..\..\FEBio2\FEIncompNeoHookean.h">
      <Filter>Header Files</Filter>
    </ClInclude>
    <ClInclude Include="..\..\FEBio2\FELevelStructure.h">
      <Filter>Header Files</Filter>
    </ClInclude>
    <ClInclude Include="..\..\FEBio2\FELinearConstraint.h">
      <Filter>Header Files</Filter>
    </ClInclude>
    <ClInclude Include="..\..\FEBio2\FELinearElastic.h">
      <Filter>Header Files</Filter>
    </ClInclude>
    <ClInclude Include="..\..\FEBio2\FELinearOrthotropic.h">
      <Filter>Header Files</Filter>
    </ClInclude>
    <ClInclude Include="..\..\FEBio2\fem.h">
      <Filter>Header Files</Filter>
    </ClInclude>
    <ClInclude Include="..\..\FEBio2\FEMemoryDiagnostic.h">
      <Filter>Header Files</Filter>
    </ClInclude>
    <ClInclude Include="..\..\FEBio2\FEMicroMaterial.h">
      <Filter>Header Files</Filter>
    </ClInclude>
    <ClInclude Include="..\..\FEBio2\FENeoHookeanTransIso.h">
      <Filter>Header Files</Filter>
    </ClInclude>
    <ClInclude Include="..\..\FEBio2\FENodeNodeList.h">
      <Filter>Header Files</Filter>
    </ClInclude>
    <ClInclude Include="..\..\FEBio2\FENodeReorder.h">
      <Filter>Header Files</Filter>
    </ClInclude>
    <ClInclude Include="..\..\FEBio2\FEOgdenUnconstrained.h">
      <Filter>Header Files</Filter>
    </ClInclude>
    <ClInclude Include="..\..\FEBio2\FEOptimizer.h">
      <Filter>Header Files</Filter>
    </ClInclude>
    <ClInclude Include="..\..\FEBio2\FEOsmCoefConst.h">
      <Filter>Header Files</Filter>
    </ClInclude>
    <ClInclude Include="..\..\FEBio2\FEPerfectOsmometer.h">
      <Filter>Header Files</Filter>
    </ClInclude>
    <ClInclude Include="..\..\FEBio2\FEPeriodicBoundary.h">
      <Filter>Header Files</Filter>
    </ClInclude>
    <ClInclude Include="..\..\FEBio2\FEPermConstIso.h">
      <Filter>Header Files</Filter>
    </ClInclude>
    <ClInclude Include="..\..\FEBio2\FEPermHolmesMow.h">
      <Filter>Header Files</Filter>
    </ClInclude>
    <ClInclude Include="..\..\FEBio2\FEPermRefIso.h">
      <Filter>Header Files</Filter>
    </ClInclude>
    <ClInclude Include="..\..\FEBio2\FEPermRefOrtho.h">
      <Filter>Header Files</Filter>
    </ClInclude>
    <ClInclude Include="..\..\FEBio2\FEPermRefTransIso.h">
      <Filter>Header Files</Filter>
    </ClInclude>
    <ClInclude Include="..\..\FEBio2\FEPlotDomainData.h">
      <Filter>Header Files</Filter>
    </ClInclude>
    <ClInclude Include="..\..\FEBio2\FEPlotNodeData.h">
      <Filter>Header Files</Filter>
    </ClInclude>
    <ClInclude Include="..\..\FEBio2\FEPlotSurfaceData.h">
      <Filter>Header Files</Filter>
    </ClInclude>
    <ClInclude Include="..\..\FEBio2\FEPointConstraint.h">
      <Filter>Header Files</Filter>
    </ClInclude>
    <ClInclude Include="..\..\FEBio2\FEPoroSolidSolver.h">
      <Filter>Header Files</Filter>
    </ClInclude>
    <ClInclude Include="..\..\FEBio2\FEPoroSoluteSolver.h">
      <Filter>Header Files</Filter>
    </ClInclude>
    <ClInclude Include="..\..\FEBio2\FEPoroTraction.h">
      <Filter>Header Files</Filter>
    </ClInclude>
    <ClInclude Include="..\..\FEBio2\FEPressureLoad.h">
      <Filter>Header Files</Filter>
    </ClInclude>
    <ClInclude Include="..\..\FEBio2\FEPrintHBMatrixDiagnostic.h">
      <Filter>Header Files</Filter>
    </ClInclude>
    <ClInclude Include="..\..\FEBio2\FEPrintMatrixDiagnostic.h">
      <Filter>Header Files</Filter>
    </ClInclude>
    <ClInclude Include="..\..\FEBio2\FERestartImport.h">
      <Filter>Header Files</Filter>
    </ClInclude>
    <ClInclude Include="..\..\FEBio2\FERigidBody.h">
      <Filter>Header Files</Filter>
    </ClInclude>
    <ClInclude Include="..\..\FEBio2\FERigidJoint.h">
      <Filter>Header Files</Filter>
    </ClInclude>
    <ClInclude Include="..\..\FEBio2\FERigidSurface.h">
      <Filter>Header Files</Filter>
    </ClInclude>
    <ClInclude Include="..\..\FEBio2\FERigidWallInterface.h">
      <Filter>Header Files</Filter>
    </ClInclude>
    <ClInclude Include="..\..\FEBio2\FESlidingInterface.h">
      <Filter>Header Files</Filter>
    </ClInclude>
    <ClInclude Include="..\..\FEBio2\FESlidingInterface2.h">
      <Filter>Header Files</Filter>
    </ClInclude>
    <ClInclude Include="..\..\FEBio2\FESlidingInterface3.h">
      <Filter>Header Files</Filter>
    </ClInclude>
    <ClInclude Include="..\..\FEBio2\FESolidSolver.h">
      <Filter>Header Files</Filter>
    </ClInclude>
    <ClInclude Include="..\..\FEBio2\FESolubConst.h">
      <Filter>Header Files</Filter>
    </ClInclude>
    <ClInclude Include="..\..\FEBio2\FESoluteFlux.h">
      <Filter>Header Files</Filter>
    </ClInclude>
    <ClInclude Include="..\..\FEBio2\FESolver.h">
      <Filter>Header Files</Filter>
    </ClInclude>
    <ClInclude Include="..\..\FEBio2\FEStiffnessMatrix.h">
      <Filter>Header Files</Filter>
    </ClInclude>
    <ClInclude Include="..\..\FEBio2\FESurfaceConstraint.h">
      <Filter>Header Files</Filter>
    </ClInclude>
    <ClInclude Include="..\..\FEBio2\FESurfaceLoad.h">
      <Filter>Header Files</Filter>
    </ClInclude>
    <ClInclude Include="..\..\FEBio2\FETangentDiagnostic.h">
      <Filter>Header Files</Filter>
    </ClInclude>
    <ClInclude Include="..\..\FEBio2\FETCNonlinearOrthotropic.h">
      <Filter>Header Files</Filter>
    </ClInclude>
    <ClInclude Include="..\..\FEBio2\FETiedContactSurface.h">
      <Filter>Header Files</Filter>
    </ClInclude>
    <ClInclude Include="..\..\FEBio2\FETiedInterface.h">
      <Filter>Header Files</Filter>
    </ClInclude>
    <ClInclude Include="..\..\FEBio2\FETractionLoad.h">
      <Filter>Header Files</Filter>
    </ClInclude>
    <ClInclude Include="..\..\FEBio2\FETrussMaterial.h">
      <Filter>Header Files</Filter>
    </ClInclude>
    <ClInclude Include="..\..\FEBio2\FEViscoElasticMaterial.h">
      <Filter>Header Files</Filter>
    </ClInclude>
    <ClInclude Include="..\..\FEBio2\FileImport.h">
      <Filter>Header Files</Filter>
    </ClInclude>
    <ClInclude Include="..\..\FEBio2\geodesic.h">
      <Filter>Header Files</Filter>
    </ClInclude>
    <ClInclude Include="..\..\FEBio2\Interrupt.h">
      <Filter>Header Files</Filter>
    </ClInclude>
    <ClInclude Include="..\..\FEBio2\log.h">
      <Filter>Header Files</Filter>
    </ClInclude>
    <ClInclude Include="..\..\FEBio2\Logfile.h">
      <Filter>Header Files</Filter>
    </ClInclude>
    <ClInclude Include="..\..\FEBio2\LSDYNAPlotFile.h">
      <Filter>Header Files</Filter>
    </ClInclude>
    <ClInclude Include="..\..\FEBio2\PlotFile.h">
      <Filter>Header Files</Filter>
    </ClInclude>
    <ClInclude Include="..\..\FEBio2\plugin.h">
      <Filter>Header Files</Filter>
    </ClInclude>
    <ClInclude Include="..\..\FEBio2\stdafx.h">
      <Filter>Header Files</Filter>
    </ClInclude>
    <ClInclude Include="..\..\FEBio2\Timer.h">
      <Filter>Header Files</Filter>
    </ClInclude>
    <ClInclude Include="..\..\FEBio2\ut4.h">
      <Filter>Header Files</Filter>
    </ClInclude>
    <ClInclude Include="..\..\FEBio2\validate.h">
      <Filter>Header Files</Filter>
    </ClInclude>
    <ClInclude Include="..\..\FEBio2\version.h">
      <Filter>Header Files</Filter>
    </ClInclude>
    <ClInclude Include="resource.h">
      <Filter>Header Files</Filter>
    </ClInclude>
    <ClInclude Include="..\..\FEBio2\FEFiberExpPow.h">
      <Filter>Header Files</Filter>
    </ClInclude>
    <ClInclude Include="..\..\FEBio2\FEFiberExpPowUncoupled.h">
      <Filter>Header Files</Filter>
    </ClInclude>
    <ClInclude Include="..\..\FEBio2\FEUncoupledElasticMixture.h">
      <Filter>Header Files</Filter>
    </ClInclude>
    <ClInclude Include="..\..\FEBio2\FE2DFiberNeoHookean.h">
      <Filter>Header Files</Filter>
    </ClInclude>
    <ClInclude Include="..\..\FEBio2\FE2DTransIsoMooneyRivlin.h">
      <Filter>Header Files</Filter>
    </ClInclude>
    <ClInclude Include="..\..\FEBio2\FE2DTransIsoVerondaWestmann.h">
      <Filter>Header Files</Filter>
    </ClInclude>
    <ClInclude Include="..\..\FEBio2\FEArrudaBoyce.h">
      <Filter>Header Files</Filter>
    </ClInclude>
    <ClInclude Include="..\..\FEBio2\FEDamageMooneyRivlin.h">
      <Filter>Header Files</Filter>
    </ClInclude>
    <ClInclude Include="..\..\FEBio2\FEDamageNeoHookean.h">
      <Filter>Header Files</Filter>
    </ClInclude>
    <ClInclude Include="..\..\FEBio2\FEDamageTransIsoMooneyRivlin.h">
      <Filter>Header Files</Filter>
    </ClInclude>
    <ClInclude Include="..\..\FEBio2\FEIsotropicElastic.h">
      <Filter>Header Files</Filter>
    </ClInclude>
    <ClInclude Include="..\..\FEBio2\FEIsotropicFourier.h">
      <Filter>Header Files</Filter>
    </ClInclude>
    <ClInclude Include="..\..\FEBio2\FEMooneyRivlin.h">
      <Filter>Header Files</Filter>
    </ClInclude>
    <ClInclude Include="..\..\FEBio2\FEMuscleMaterial.h">
      <Filter>Header Files</Filter>
    </ClInclude>
    <ClInclude Include="..\..\FEBio2\FENeoHookean.h">
      <Filter>Header Files</Filter>
    </ClInclude>
    <ClInclude Include="..\..\FEBio2\FEOgdenMaterial.h">
      <Filter>Header Files</Filter>
    </ClInclude>
    <ClInclude Include="..\..\FEBio2\FERigid.h">
      <Filter>Header Files</Filter>
    </ClInclude>
    <ClInclude Include="..\..\FEBio2\FEStVenantKirchhoff.h">
      <Filter>Header Files</Filter>
    </ClInclude>
    <ClInclude Include="..\..\FEBio2\FETendonMaterial.h">
      <Filter>Header Files</Filter>
    </ClInclude>
    <ClInclude Include="..\..\FEBio2\FETransIsoMooneyRivlin.h">
      <Filter>Header Files</Filter>
    </ClInclude>
    <ClInclude Include="..\..\FEBio2\FETransIsoVerondaWestmann.h">
      <Filter>Header Files</Filter>
    </ClInclude>
    <ClInclude Include="..\..\FEBio2\FEVerondaWestmann.h">
      <Filter>Header Files</Filter>
    </ClInclude>
    <ClInclude Include="..\..\FEBio2\FECellGrowth.h">
      <Filter>Header Files</Filter>
    </ClInclude>
    <ClInclude Include="..\..\FEBio2\FECoupledHeatSolidSolver.h">
      <Filter>Header Files</Filter>
    </ClInclude>
    <ClInclude Include="..\..\FEBio2\FELinearSolidDomain.h">
      <Filter>Header Files</Filter>
    </ClInclude>
    <ClInclude Include="..\..\FEBio2\FELinearSolidSolver.h">
      <Filter>Header Files</Filter>
    </ClInclude>
    <ClInclude Include="..\..\FEBio2\FEHeatTransferMaterial.h">
      <Filter>Header Files</Filter>
    </ClInclude>
    <ClInclude Include="..\..\FEBio2\FEBiphasicSolute.h">
      <Filter>Header Files</Filter>
    </ClInclude>
    <ClInclude Include="..\..\FEBio2\FEVonMisesPlasticity.h">
      <Filter>Header Files</Filter>
    </ClInclude>
    <ClInclude Include="..\..\FEBio2\FELinearTransIso.h">
      <Filter>Header Files</Filter>
    </ClInclude>
    <ClInclude Include="..\..\FEBio2\FEOrthoElastic.h">
      <Filter>Header Files</Filter>
    </ClInclude>
    <ClInclude Include="..\..\FEBio2\FESolute.h">
      <Filter>Header Files</Filter>
    </ClInclude>
    <ClInclude Include="..\..\FEBio2\FETriphasic.h">
      <Filter>Header Files</Filter>
    </ClInclude>
    <ClInclude Include="..\..\FEBio2\FETriphasicDomain.h">
      <Filter>Header Files</Filter>
    </ClInclude>
    <ClInclude Include="..\..\FEBio2\FETriphasicSolver.h">
      <Filter>Header Files</Filter>
    </ClInclude>
  </ItemGroup>
  <ItemGroup>
    <ClCompile Include="..\..\FEBio2\augment.cpp">
      <Filter>Source Files</Filter>
    </ClCompile>
    <ClCompile Include="..\..\FEBio2\biphasic.cpp">
      <Filter>Source Files</Filter>
    </ClCompile>
    <ClCompile Include="..\..\FEBio2\biphasicsolute.cpp">
      <Filter>Source Files</Filter>
    </ClCompile>
    <ClCompile Include="..\..\FEBio2\CommandManager.cpp">
      <Filter>Source Files</Filter>
    </ClCompile>
    <ClCompile Include="..\..\FEBio2\console.cpp">
      <Filter>Source Files</Filter>
    </ClCompile>
    <ClCompile Include="..\..\FEBio2\DataStore.cpp">
      <Filter>Source Files</Filter>
    </ClCompile>
    <ClCompile Include="..\..\FEBio2\diagnose.cpp">
      <Filter>Source Files</Filter>
    </ClCompile>
    <ClCompile Include="..\..\FEBio2\discrete.cpp">
      <Filter>Source Files</Filter>
    </ClCompile>
    <ClCompile Include="..\..\FEBio2\elstf.cpp">
      <Filter>Source Files</Filter>
    </ClCompile>
    <ClCompile Include="..\..\FEBio2\FEAnalysis.cpp">
      <Filter>Source Files</Filter>
    </ClCompile>
    <ClCompile Include="..\..\FEBio2\FEAugLagLinearConstraint.cpp">
      <Filter>Source Files</Filter>
    </ClCompile>
    <ClCompile Include="..\..\FEBio2\FEBio.cpp">
      <Filter>Source Files</Filter>
    </ClCompile>
    <ClCompile Include="..\..\FEBio2\FEBioCommand.cpp">
      <Filter>Source Files</Filter>
    </ClCompile>
    <ClCompile Include="..\..\FEBio2\FEBioImport.cpp">
      <Filter>Source Files</Filter>
    </ClCompile>
    <ClCompile Include="..\..\FEBio2\FEBioPlotFile.cpp">
      <Filter>Source Files</Filter>
    </ClCompile>
    <ClCompile Include="..\..\FEBio2\FEBioStdSolver.cpp">
      <Filter>Source Files</Filter>
    </ClCompile>
    <ClCompile Include="..\..\FEBio2\FEBiphasic.cpp">
      <Filter>Source Files</Filter>
    </ClCompile>
    <ClCompile Include="..\..\FEBio2\FEBiphasicSolute.cpp">
      <Filter>Source Files</Filter>
    </ClCompile>
    <ClCompile Include="..\..\FEBio2\FEBox.cpp">
      <Filter>Source Files</Filter>
    </ClCompile>
    <ClCompile Include="..\..\FEBio2\FEContactDiagnostic.cpp">
      <Filter>Source Files</Filter>
    </ClCompile>
    <ClCompile Include="..\..\FEBio2\FEDiagnostic.cpp">
      <Filter>Source Files</Filter>
    </ClCompile>
    <ClCompile Include="..\..\FEBio2\FEDiffConstIso.cpp">
      <Filter>Source Files</Filter>
    </ClCompile>
    <ClCompile Include="..\..\FEBio2\FEDiffConstOrtho.cpp">
      <Filter>Source Files</Filter>
    </ClCompile>
    <ClCompile Include="..\..\FEBio2\FEDiffRefIso.cpp">
      <Filter>Source Files</Filter>
    </ClCompile>
    <ClCompile Include="..\..\FEBio2\FEDiscreteMaterial.cpp">
      <Filter>Source Files</Filter>
    </ClCompile>
    <ClCompile Include="..\..\FEBio2\FEDonnanEquilibrium.cpp">
      <Filter>Source Files</Filter>
    </ClCompile>
    <ClCompile Include="..\..\FEBio2\FEEFDDonnanEquilibrium.cpp">
      <Filter>Source Files</Filter>
    </ClCompile>
    <ClCompile Include="..\..\FEBio2\FEEFDMooneyRivlin.cpp">
      <Filter>Source Files</Filter>
    </ClCompile>
    <ClCompile Include="..\..\FEBio2\FEEFDNeoHookean.cpp">
      <Filter>Source Files</Filter>
    </ClCompile>
    <ClCompile Include="..\..\FEBio2\FEEFDUncoupled.cpp">
      <Filter>Source Files</Filter>
    </ClCompile>
    <ClCompile Include="..\..\FEBio2\FEEFDVerondaWestmann.cpp">
      <Filter>Source Files</Filter>
    </ClCompile>
    <ClCompile Include="..\..\FEBio2\FEElasticMixture.cpp">
      <Filter>Source Files</Filter>
    </ClCompile>
    <ClCompile Include="..\..\FEBio2\FEElemElemList.cpp">
      <Filter>Source Files</Filter>
    </ClCompile>
    <ClCompile Include="..\..\FEBio2\FEEllipsoidalFiberDistribution.cpp">
      <Filter>Source Files</Filter>
    </ClCompile>
    <ClCompile Include="..\..\FEBio2\FEFacet2FacetSliding.cpp">
      <Filter>Source Files</Filter>
    </ClCompile>
    <ClCompile Include="..\..\FEBio2\FEFiberMaterial.cpp">
      <Filter>Source Files</Filter>
    </ClCompile>
    <ClCompile Include="..\..\FEBio2\FEFiberNeoHookean.cpp">
      <Filter>Source Files</Filter>
    </ClCompile>
    <ClCompile Include="..\..\FEBio2\FEFluidFlux.cpp">
      <Filter>Source Files</Filter>
    </ClCompile>
    <ClCompile Include="..\..\FEBio2\FEFungOrthotropic.cpp">
      <Filter>Source Files</Filter>
    </ClCompile>
    <ClCompile Include="..\..\FEBio2\FEGasserOgdenHolzapfel.cpp">
      <Filter>Source Files</Filter>
    </ClCompile>
    <ClCompile Include="..\..\FEBio2\FEHeatFlux.cpp">
      <Filter>Source Files</Filter>
    </ClCompile>
    <ClCompile Include="..\..\FEBio2\FEHeatSolver.cpp">
      <Filter>Source Files</Filter>
    </ClCompile>
    <ClCompile Include="..\..\FEBio2\FEHolmesMow.cpp">
      <Filter>Source Files</Filter>
    </ClCompile>
    <ClCompile Include="..\..\FEBio2\FEIncompNeoHookean.cpp">
      <Filter>Source Files</Filter>
    </ClCompile>
    <ClCompile Include="..\..\FEBio2\FELevelStructure.cpp">
      <Filter>Source Files</Filter>
    </ClCompile>
    <ClCompile Include="..\..\FEBio2\FELinearConstraint.cpp">
      <Filter>Source Files</Filter>
    </ClCompile>
    <ClCompile Include="..\..\FEBio2\FELinearElastic.cpp">
      <Filter>Source Files</Filter>
    </ClCompile>
    <ClCompile Include="..\..\FEBio2\FELinearOrthotropic.cpp">
      <Filter>Source Files</Filter>
    </ClCompile>
    <ClCompile Include="..\..\FEBio2\fem.cpp">
      <Filter>Source Files</Filter>
    </ClCompile>
    <ClCompile Include="..\..\FEBio2\FEMemoryDiagnostic.cpp">
      <Filter>Source Files</Filter>
    </ClCompile>
    <ClCompile Include="..\..\FEBio2\FEMicroMaterial.cpp">
      <Filter>Source Files</Filter>
    </ClCompile>
    <ClCompile Include="..\..\FEBio2\FENeoHookeanTransIso.cpp">
      <Filter>Source Files</Filter>
    </ClCompile>
    <ClCompile Include="..\..\FEBio2\FENodeNodeList.cpp">
      <Filter>Source Files</Filter>
    </ClCompile>
    <ClCompile Include="..\..\FEBio2\FENodeReorder.cpp">
      <Filter>Source Files</Filter>
    </ClCompile>
    <ClCompile Include="..\..\FEBio2\FEOgdenUnconstrained.cpp">
      <Filter>Source Files</Filter>
    </ClCompile>
    <ClCompile Include="..\..\FEBio2\FEOptimizer.cpp">
      <Filter>Source Files</Filter>
    </ClCompile>
    <ClCompile Include="..\..\FEBio2\FEOsmCoefConst.cpp">
      <Filter>Source Files</Filter>
    </ClCompile>
    <ClCompile Include="..\..\FEBio2\FEPerfectOsmometer.cpp">
      <Filter>Source Files</Filter>
    </ClCompile>
    <ClCompile Include="..\..\FEBio2\FEPeriodicBoundary.cpp">
      <Filter>Source Files</Filter>
    </ClCompile>
    <ClCompile Include="..\..\FEBio2\FEPermConstIso.cpp">
      <Filter>Source Files</Filter>
    </ClCompile>
    <ClCompile Include="..\..\FEBio2\FEPermHolmesMow.cpp">
      <Filter>Source Files</Filter>
    </ClCompile>
    <ClCompile Include="..\..\FEBio2\FEPermRefIso.cpp">
      <Filter>Source Files</Filter>
    </ClCompile>
    <ClCompile Include="..\..\FEBio2\FEPermRefOrtho.cpp">
      <Filter>Source Files</Filter>
    </ClCompile>
    <ClCompile Include="..\..\FEBio2\FEPermRefTransIso.cpp">
      <Filter>Source Files</Filter>
    </ClCompile>
    <ClCompile Include="..\..\FEBio2\FEPlotDomainData.cpp">
      <Filter>Source Files</Filter>
    </ClCompile>
    <ClCompile Include="..\..\FEBio2\FEPlotNodeData.cpp">
      <Filter>Source Files</Filter>
    </ClCompile>
    <ClCompile Include="..\..\FEBio2\FEPlotSurfaceData.cpp">
      <Filter>Source Files</Filter>
    </ClCompile>
    <ClCompile Include="..\..\FEBio2\FEPointConstraint.cpp">
      <Filter>Source Files</Filter>
    </ClCompile>
    <ClCompile Include="..\..\FEBio2\FEPoroSolidSolver.cpp">
      <Filter>Source Files</Filter>
    </ClCompile>
    <ClCompile Include="..\..\FEBio2\FEPoroSoluteSolver.cpp">
      <Filter>Source Files</Filter>
    </ClCompile>
    <ClCompile Include="..\..\FEBio2\FEPoroTraction.cpp">
      <Filter>Source Files</Filter>
    </ClCompile>
    <ClCompile Include="..\..\FEBio2\FEPressureLoad.cpp">
      <Filter>Source Files</Filter>
    </ClCompile>
    <ClCompile Include="..\..\FEBio2\FEPrintHBMatrixDiagnostic.cpp">
      <Filter>Source Files</Filter>
    </ClCompile>
    <ClCompile Include="..\..\FEBio2\FEPrintMatrixDiagnostic.cpp">
      <Filter>Source Files</Filter>
    </ClCompile>
    <ClCompile Include="..\..\FEBio2\FERestartImport.cpp">
      <Filter>Source Files</Filter>
    </ClCompile>
    <ClCompile Include="..\..\FEBio2\FERigidBody.cpp">
      <Filter>Source Files</Filter>
    </ClCompile>
    <ClCompile Include="..\..\FEBio2\FERigidJoint.cpp">
      <Filter>Source Files</Filter>
    </ClCompile>
    <ClCompile Include="..\..\FEBio2\FERigidSurface.cpp">
      <Filter>Source Files</Filter>
    </ClCompile>
    <ClCompile Include="..\..\FEBio2\FERigidWallInterface.cpp">
      <Filter>Source Files</Filter>
    </ClCompile>
    <ClCompile Include="..\..\FEBio2\FESlidingInterface.cpp">
      <Filter>Source Files</Filter>
    </ClCompile>
    <ClCompile Include="..\..\FEBio2\FESlidingInterface2.cpp">
      <Filter>Source Files</Filter>
    </ClCompile>
    <ClCompile Include="..\..\FEBio2\FESlidingInterface3.cpp">
      <Filter>Source Files</Filter>
    </ClCompile>
    <ClCompile Include="..\..\FEBio2\FESolidSolver.cpp">
      <Filter>Source Files</Filter>
    </ClCompile>
    <ClCompile Include="..\..\FEBio2\FESolubConst.cpp">
      <Filter>Source Files</Filter>
    </ClCompile>
    <ClCompile Include="..\..\FEBio2\FESoluteFlux.cpp">
      <Filter>Source Files</Filter>
    </ClCompile>
    <ClCompile Include="..\..\FEBio2\FESolver.cpp">
      <Filter>Source Files</Filter>
    </ClCompile>
    <ClCompile Include="..\..\FEBio2\FEStiffnessMatrix.cpp">
      <Filter>Source Files</Filter>
    </ClCompile>
    <ClCompile Include="..\..\FEBio2\FESurfaceConstraint.cpp">
      <Filter>Source Files</Filter>
    </ClCompile>
    <ClCompile Include="..\..\FEBio2\FESurfaceLoad.cpp">
      <Filter>Source Files</Filter>
    </ClCompile>
    <ClCompile Include="..\..\FEBio2\FETangentDiagnostic.cpp">
      <Filter>Source Files</Filter>
    </ClCompile>
    <ClCompile Include="..\..\FEBio2\FETCNonlinearOrthotropic.cpp">
      <Filter>Source Files</Filter>
    </ClCompile>
    <ClCompile Include="..\..\FEBio2\FETiedContactSurface.cpp">
      <Filter>Source Files</Filter>
    </ClCompile>
    <ClCompile Include="..\..\FEBio2\FETiedInterface.cpp">
      <Filter>Source Files</Filter>
    </ClCompile>
    <ClCompile Include="..\..\FEBio2\FETractionLoad.cpp">
      <Filter>Source Files</Filter>
    </ClCompile>
    <ClCompile Include="..\..\FEBio2\FETrussMaterial.cpp">
      <Filter>Source Files</Filter>
    </ClCompile>
    <ClCompile Include="..\..\FEBio2\FEUncoupledElasticMixture.cpp">
      <Filter>Source Files</Filter>
    </ClCompile>
    <ClCompile Include="..\..\FEBio2\FEViscoElasticMaterial.cpp">
      <Filter>Source Files</Filter>
    </ClCompile>
    <ClCompile Include="..\..\FEBio2\FileImport.cpp">
      <Filter>Source Files</Filter>
    </ClCompile>
    <ClCompile Include="..\..\FEBio2\getapppath.cpp">
      <Filter>Source Files</Filter>
    </ClCompile>
    <ClCompile Include="..\..\FEBio2\heatsolid.cpp">
      <Filter>Source Files</Filter>
    </ClCompile>
    <ClCompile Include="..\..\FEBio2\hello.cpp">
      <Filter>Source Files</Filter>
    </ClCompile>
    <ClCompile Include="..\..\FEBio2\init.cpp">
      <Filter>Source Files</Filter>
    </ClCompile>
    <ClCompile Include="..\..\FEBio2\InitContact.cpp">
      <Filter>Source Files</Filter>
    </ClCompile>
    <ClCompile Include="..\..\FEBio2\InitPoroSolute.cpp">
      <Filter>Source Files</Filter>
    </ClCompile>
    <ClCompile Include="..\..\FEBio2\InitRigid.cpp">
      <Filter>Source Files</Filter>
    </ClCompile>
    <ClCompile Include="..\..\FEBio2\input.cpp">
      <Filter>Source Files</Filter>
    </ClCompile>
    <ClCompile Include="..\..\FEBio2\Interrupt.cpp">
      <Filter>Source Files</Filter>
    </ClCompile>
    <ClCompile Include="..\..\FEBio2\levmar.cpp">
      <Filter>Source Files</Filter>
    </ClCompile>
    <ClCompile Include="..\..\FEBio2\Logfile.cpp">
      <Filter>Source Files</Filter>
    </ClCompile>
    <ClCompile Include="..\..\FEBio2\LSDYNAPlotFile.cpp">
      <Filter>Source Files</Filter>
    </ClCompile>
    <ClCompile Include="..\..\FEBio2\optimize.cpp">
      <Filter>Source Files</Filter>
    </ClCompile>
    <ClCompile Include="..\..\FEBio2\PlotFile.cpp">
      <Filter>Source Files</Filter>
    </ClCompile>
    <ClCompile Include="..\..\FEBio2\plugin.cpp">
      <Filter>Source Files</Filter>
    </ClCompile>
    <ClCompile Include="..\..\FEBio2\powell.cpp">
      <Filter>Source Files</Filter>
    </ClCompile>
    <ClCompile Include="..\..\FEBio2\quasin.cpp">
      <Filter>Source Files</Filter>
    </ClCompile>
    <ClCompile Include="..\..\FEBio2\restart.cpp">
      <Filter>Source Files</Filter>
    </ClCompile>
    <ClCompile Include="..\..\FEBio2\rigid.cpp">
      <Filter>Source Files</Filter>
    </ClCompile>
    <ClCompile Include="..\..\FEBio2\shell.cpp">
      <Filter>Source Files</Filter>
    </ClCompile>
    <ClCompile Include="..\..\FEBio2\solid.cpp">
      <Filter>Source Files</Filter>
    </ClCompile>
    <ClCompile Include="..\..\FEBio2\solid3f.cpp">
      <Filter>Source Files</Filter>
    </ClCompile>
    <ClCompile Include="..\..\FEBio2\solve.cpp">
      <Filter>Source Files</Filter>
    </ClCompile>
    <ClCompile Include="..\..\FEBio2\stdafx.cpp">
      <Filter>Source Files</Filter>
    </ClCompile>
    <ClCompile Include="..\..\FEBio2\Timer.cpp">
      <Filter>Source Files</Filter>
    </ClCompile>
    <ClCompile Include="..\..\FEBio2\truss.cpp">
      <Filter>Source Files</Filter>
    </ClCompile>
    <ClCompile Include="..\..\FEBio2\udghex.cpp">
      <Filter>Source Files</Filter>
    </ClCompile>
    <ClCompile Include="..\..\FEBio2\update.cpp">
      <Filter>Source Files</Filter>
    </ClCompile>
    <ClCompile Include="..\..\FEBio2\ut4.cpp">
      <Filter>Source Files</Filter>
    </ClCompile>
    <ClCompile Include="..\..\FEBio2\validate.cpp">
      <Filter>Source Files</Filter>
    </ClCompile>
    <ClCompile Include="..\..\FEBio2\FEFiberExpPow.cpp">
      <Filter>Source Files</Filter>
    </ClCompile>
    <ClCompile Include="..\..\FEBio2\FEFiberExpPowUncoupled.cpp">
      <Filter>Source Files</Filter>
    </ClCompile>
    <ClCompile Include="..\..\FEBio2\FE2DFiberNeoHookean.cpp">
      <Filter>Source Files</Filter>
    </ClCompile>
    <ClCompile Include="..\..\FEBio2\FE2DTransIsoMooneyRivlin.cpp">
      <Filter>Source Files</Filter>
    </ClCompile>
    <ClCompile Include="..\..\FEBio2\FE2DTransIsoVerondaWestmann.cpp">
      <Filter>Source Files</Filter>
    </ClCompile>
    <ClCompile Include="..\..\FEBio2\FEArrudaBoyce.cpp">
      <Filter>Source Files</Filter>
    </ClCompile>
    <ClCompile Include="..\..\FEBio2\FEDamageMooneyRivlin.cpp">
      <Filter>Source Files</Filter>
    </ClCompile>
    <ClCompile Include="..\..\FEBio2\FEDamageNeoHookean.cpp">
      <Filter>Source Files</Filter>
    </ClCompile>
    <ClCompile Include="..\..\FEBio2\FEDamageTransIsoMooneyRivlin.cpp">
      <Filter>Source Files</Filter>
    </ClCompile>
    <ClCompile Include="..\..\FEBio2\FEIsotropicElastic.cpp">
      <Filter>Source Files</Filter>
    </ClCompile>
    <ClCompile Include="..\..\FEBio2\FEIsotropicFourier.cpp">
      <Filter>Source Files</Filter>
    </ClCompile>
    <ClCompile Include="..\..\FEBio2\FEMooneyRivlin.cpp">
      <Filter>Source Files</Filter>
    </ClCompile>
    <ClCompile Include="..\..\FEBio2\FEMuscleMaterial.cpp">
      <Filter>Source Files</Filter>
    </ClCompile>
    <ClCompile Include="..\..\FEBio2\FENeoHookean.cpp">
      <Filter>Source Files</Filter>
    </ClCompile>
    <ClCompile Include="..\..\FEBio2\FEOgdenMaterial.cpp">
      <Filter>Source Files</Filter>
    </ClCompile>
    <ClCompile Include="..\..\FEBio2\FERigid.cpp">
      <Filter>Source Files</Filter>
    </ClCompile>
    <ClCompile Include="..\..\FEBio2\FEStVenantKirchhoff.cpp">
      <Filter>Source Files</Filter>
    </ClCompile>
    <ClCompile Include="..\..\FEBio2\FETendonMaterial.cpp">
      <Filter>Source Files</Filter>
    </ClCompile>
    <ClCompile Include="..\..\FEBio2\FETransIsoMooneyRivlin.cpp">
      <Filter>Source Files</Filter>
    </ClCompile>
    <ClCompile Include="..\..\FEBio2\FETransIsoVerondaWestmann.cpp">
      <Filter>Source Files</Filter>
    </ClCompile>
    <ClCompile Include="..\..\FEBio2\FEVerondaWestmann.cpp">
      <Filter>Source Files</Filter>
    </ClCompile>
    <ClCompile Include="..\..\FEBio2\FECellGrowth.cpp">
      <Filter>Source Files</Filter>
    </ClCompile>
    <ClCompile Include="..\..\FEBio2\FECoupledHeatSolidSolver.cpp">
      <Filter>Source Files</Filter>
    </ClCompile>
    <ClCompile Include="..\..\FEBio2\FELinearSolidDomain.cpp">
      <Filter>Source Files</Filter>
    </ClCompile>
    <ClCompile Include="..\..\FEBio2\FELinearSolidSolver.cpp">
      <Filter>Source Files</Filter>
    </ClCompile>
    <ClCompile Include="..\..\FEBio2\FEVonMisesPlasticity.cpp">
      <Filter>Source Files</Filter>
    </ClCompile>
    <ClCompile Include="..\..\FEBio2\FELinearTransIso.cpp">
      <Filter>Source Files</Filter>
    </ClCompile>
    <ClCompile Include="..\..\FEBio2\FEOrthoElastic.cpp">
      <Filter>Source Files</Filter>
    </ClCompile>
    <ClCompile Include="..\..\FEBio2\FESolute.cpp">
      <Filter>Source Files</Filter>
    </ClCompile>
    <ClCompile Include="..\..\FEBio2\FETriphasic.cpp">
      <Filter>Source Files</Filter>
    </ClCompile>
    <ClCompile Include="..\..\FEBio2\FETriphasicDomain.cpp">
      <Filter>Source Files</Filter>
    </ClCompile>
    <ClCompile Include="..\..\FEBio2\FETriphasicSolver.cpp">
      <Filter>Source Files</Filter>
    </ClCompile>
  </ItemGroup>
  <ItemGroup>
    <ResourceCompile Include="FEBio2.rc">
      <Filter>Resource Files</Filter>
    </ResourceCompile>
  </ItemGroup>
  <ItemGroup>
    <None Include="icon1.ico">
      <Filter>Resource Files</Filter>
    </None>
  </ItemGroup>
</Project>