<?xml version="1.0" encoding="utf-8"?>
<Project ToolsVersion="4.0" xmlns="http://schemas.microsoft.com/developer/msbuild/2003">
  <ItemGroup>
    <Filter Include="Source Files">
      <UniqueIdentifier>{4FC737F1-C7A5-4376-A066-2A32D752A2FF}</UniqueIdentifier>
      <Extensions>cpp;c;cc;cxx;def;odl;idl;hpj;bat;asm;asmx</Extensions>
    </Filter>
    <Filter Include="Header Files">
      <UniqueIdentifier>{93995380-89BD-4b04-88EB-625FBE52EBFB}</UniqueIdentifier>
      <Extensions>h;hpp;hxx;hm;inl;inc;xsd</Extensions>
    </Filter>
    <Filter Include="Resource Files">
      <UniqueIdentifier>{67DA6AB6-F800-4c08-8B7A-83BB121AAD01}</UniqueIdentifier>
      <Extensions>rc;ico;cur;bmp;dlg;rc2;rct;bin;rgs;gif;jpg;jpeg;jpe;resx;tiff;tif;png;wav;mfcribbon-ms</Extensions>
    </Filter>
  </ItemGroup>
  <ItemGroup>
    <ClInclude Include="..\..\FEBio2\Command.h">
      <Filter>Header Files</Filter>
    </ClInclude>
    <ClInclude Include="..\..\FEBio2\CommandManager.h">
      <Filter>Header Files</Filter>
    </ClInclude>
    <ClInclude Include="..\..\FEBio2\console.h">
      <Filter>Header Files</Filter>
    </ClInclude>
    <ClInclude Include="..\..\FEBio2\FEBioCommand.h">
      <Filter>Header Files</Filter>
    </ClInclude>
    <ClInclude Include="..\..\FEBio2\FEBioStdSolver.h">
      <Filter>Header Files</Filter>
    </ClInclude>
    <ClInclude Include="..\..\FEBio2\FEContactDiagnostic.h">
      <Filter>Header Files</Filter>
    </ClInclude>
    <ClInclude Include="..\..\FEBio2\FEDiagnostic.h">
      <Filter>Header Files</Filter>
    </ClInclude>
    <ClInclude Include="..\..\FEBio2\fem.h">
      <Filter>Header Files</Filter>
    </ClInclude>
    <ClInclude Include="..\..\FEBio2\FEMemoryDiagnostic.h">
      <Filter>Header Files</Filter>
    </ClInclude>
    <ClInclude Include="..\..\FEBio2\FEMicroMaterial.h">
      <Filter>Header Files</Filter>
    </ClInclude>
    <ClInclude Include="..\..\FEBio2\FEPrintHBMatrixDiagnostic.h">
      <Filter>Header Files</Filter>
    </ClInclude>
    <ClInclude Include="..\..\FEBio2\FEPrintMatrixDiagnostic.h">
      <Filter>Header Files</Filter>
    </ClInclude>
    <ClInclude Include="..\..\FEBio2\FETangentDiagnostic.h">
      <Filter>Header Files</Filter>
    </ClInclude>
    <ClInclude Include="..\..\FEBio2\Interrupt.h">
      <Filter>Header Files</Filter>
    </ClInclude>
    <ClInclude Include="..\..\FEBio2\plugin.h">
      <Filter>Header Files</Filter>
    </ClInclude>
    <ClInclude Include="..\..\FEBio2\stdafx.h">
      <Filter>Header Files</Filter>
    </ClInclude>
    <ClInclude Include="resource.h">
      <Filter>Header Files</Filter>
    </ClInclude>
    <ClInclude Include="..\..\FEBio2\FEBioProgress.h">
      <Filter>Header Files</Filter>
    </ClInclude>
  </ItemGroup>
  <ItemGroup>
    <ClCompile Include="..\..\FEBio2\CommandManager.cpp">
      <Filter>Source Files</Filter>
    </ClCompile>
    <ClCompile Include="..\..\FEBio2\console.cpp">
      <Filter>Source Files</Filter>
    </ClCompile>
    <ClCompile Include="..\..\FEBio2\diagnose.cpp">
      <Filter>Source Files</Filter>
    </ClCompile>
    <ClCompile Include="..\..\FEBio2\FEBio.cpp">
      <Filter>Source Files</Filter>
    </ClCompile>
    <ClCompile Include="..\..\FEBio2\FEBioCommand.cpp">
      <Filter>Source Files</Filter>
    </ClCompile>
    <ClCompile Include="..\..\FEBio2\FEBioStdSolver.cpp">
      <Filter>Source Files</Filter>
    </ClCompile>
    <ClCompile Include="..\..\FEBio2\FEContactDiagnostic.cpp">
      <Filter>Source Files</Filter>
    </ClCompile>
    <ClCompile Include="..\..\FEBio2\FEDiagnostic.cpp">
      <Filter>Source Files</Filter>
    </ClCompile>
    <ClCompile Include="..\..\FEBio2\fem.cpp">
      <Filter>Source Files</Filter>
    </ClCompile>
    <ClCompile Include="..\..\FEBio2\FEMemoryDiagnostic.cpp">
      <Filter>Source Files</Filter>
    </ClCompile>
    <ClCompile Include="..\..\FEBio2\FEMicroMaterial.cpp">
      <Filter>Source Files</Filter>
    </ClCompile>
    <ClCompile Include="..\..\FEBio2\FEPrintHBMatrixDiagnostic.cpp">
      <Filter>Source Files</Filter>
    </ClCompile>
    <ClCompile Include="..\..\FEBio2\FEPrintMatrixDiagnostic.cpp">
      <Filter>Source Files</Filter>
    </ClCompile>
    <ClCompile Include="..\..\FEBio2\FETangentDiagnostic.cpp">
      <Filter>Source Files</Filter>
    </ClCompile>
    <ClCompile Include="..\..\FEBio2\Interrupt.cpp">
      <Filter>Source Files</Filter>
    </ClCompile>
    <ClCompile Include="..\..\FEBio2\levmar.cpp">
      <Filter>Source Files</Filter>
    </ClCompile>
    <ClCompile Include="..\..\FEBio2\optimize.cpp">
      <Filter>Source Files</Filter>
    </ClCompile>
    <ClCompile Include="..\..\FEBio2\plugin.cpp">
      <Filter>Source Files</Filter>
    </ClCompile>
    <ClCompile Include="..\..\FEBio2\powell.cpp">
      <Filter>Source Files</Filter>
    </ClCompile>
    <ClCompile Include="..\..\FEBio2\restart.cpp">
      <Filter>Source Files</Filter>
    </ClCompile>
    <ClCompile Include="..\..\FEBio2\solve.cpp">
      <Filter>Source Files</Filter>
    </ClCompile>
    <ClCompile Include="..\..\FEBio2\stdafx.cpp">
      <Filter>Source Files</Filter>
    </ClCompile>
    <ClCompile Include="..\..\FEBio2\FEBioProgress.cpp">
      <Filter>Source Files</Filter>
    </ClCompile>
  </ItemGroup>
  <ItemGroup>
    <ResourceCompile Include="FEBio2.rc">
      <Filter>Resource Files</Filter>
    </ResourceCompile>
  </ItemGroup>
  <ItemGroup>
    <None Include="icon1.ico">
      <Filter>Resource Files</Filter>
    </None>
  </ItemGroup>
</Project>